// !$*UTF8*$!
{
	archiveVersion = 1;
	classes = {
	};
	objectVersion = 55;
	objects = {

/* Begin PBXBuildFile section */
		8107E485288768EA00891999 /* TabBarViewController.swift in Sources */ = {isa = PBXBuildFile; fileRef = 8107E484288768EA00891999 /* TabBarViewController.swift */; };
		8107E4872889E71600891999 /* CustomNavigationController.swift in Sources */ = {isa = PBXBuildFile; fileRef = 8107E4862889E71600891999 /* CustomNavigationController.swift */; };
		8107E48B2889E75C00891999 /* CustomPushAnimator.swift in Sources */ = {isa = PBXBuildFile; fileRef = 8107E4882889E75C00891999 /* CustomPushAnimator.swift */; };
		8107E48C2889E75C00891999 /* CustomPopAnimator.swift in Sources */ = {isa = PBXBuildFile; fileRef = 8107E4892889E75C00891999 /* CustomPopAnimator.swift */; };
		8107E48D2889E75C00891999 /* CustomInteractiveTransition.swift in Sources */ = {isa = PBXBuildFile; fileRef = 8107E48A2889E75C00891999 /* CustomInteractiveTransition.swift */; };
		811697C02878FB8C00CE1765 /* News.swift in Sources */ = {isa = PBXBuildFile; fileRef = 811697BF2878FB8C00CE1765 /* News.swift */; };
		811697C22878FF8300CE1765 /* LoginViewController.swift in Sources */ = {isa = PBXBuildFile; fileRef = 811697C12878FF8300CE1765 /* LoginViewController.swift */; };
		811697C42879005300CE1765 /* NewsViewController.swift in Sources */ = {isa = PBXBuildFile; fileRef = 811697C32879005300CE1765 /* NewsViewController.swift */; };
		811697C82879079300CE1765 /* NewsTableViewCell.swift in Sources */ = {isa = PBXBuildFile; fileRef = 811697C62879079300CE1765 /* NewsTableViewCell.swift */; };
		811697C92879079300CE1765 /* NewsTableViewCell.xib in Resources */ = {isa = PBXBuildFile; fileRef = 811697C72879079300CE1765 /* NewsTableViewCell.xib */; };
		811697CC287F7C3500CE1765 /* FriendsPhotoGalleryController.swift in Sources */ = {isa = PBXBuildFile; fileRef = 811697CB287F7C3500CE1765 /* FriendsPhotoGalleryController.swift */; };
		811697CF288035B700CE1765 /* PhotoCollectionViewCell.swift in Sources */ = {isa = PBXBuildFile; fileRef = 811697CD288035B700CE1765 /* PhotoCollectionViewCell.swift */; };
		811697D0288035B700CE1765 /* PhotoCollectionViewCell.xib in Resources */ = {isa = PBXBuildFile; fileRef = 811697CE288035B700CE1765 /* PhotoCollectionViewCell.xib */; };
		811697DA2880DBED00CE1765 /* SJCenterFlowLayout.swift in Sources */ = {isa = PBXBuildFile; fileRef = 811697D92880DBED00CE1765 /* SJCenterFlowLayout.swift */; };
		811697EA2887342C00CE1765 /* CustomMainNavigationController.swift in Sources */ = {isa = PBXBuildFile; fileRef = 811697E62887342C00CE1765 /* CustomMainNavigationController.swift */; };
		811697EB2887342C00CE1765 /* CustomMainPush+PopAnimators.swift in Sources */ = {isa = PBXBuildFile; fileRef = 811697E72887342C00CE1765 /* CustomMainPush+PopAnimators.swift */; };
		811697EC2887342C00CE1765 /* CustomSegue.swift in Sources */ = {isa = PBXBuildFile; fileRef = 811697E82887342C00CE1765 /* CustomSegue.swift */; };
		811697ED2887342C00CE1765 /* Animator.swift in Sources */ = {isa = PBXBuildFile; fileRef = 811697E92887342C00CE1765 /* Animator.swift */; };
		8116C4F4285A788300ECB796 /* AppDelegate.swift in Sources */ = {isa = PBXBuildFile; fileRef = 8116C4F3285A788300ECB796 /* AppDelegate.swift */; };
		8116C4F6285A788300ECB796 /* SceneDelegate.swift in Sources */ = {isa = PBXBuildFile; fileRef = 8116C4F5285A788300ECB796 /* SceneDelegate.swift */; };
		8116C4FB285A788300ECB796 /* Main.storyboard in Resources */ = {isa = PBXBuildFile; fileRef = 8116C4F9285A788300ECB796 /* Main.storyboard */; };
		8116C4FD285A788500ECB796 /* Assets.xcassets in Resources */ = {isa = PBXBuildFile; fileRef = 8116C4FC285A788500ECB796 /* Assets.xcassets */; };
		8116C500285A788500ECB796 /* LaunchScreen.storyboard in Resources */ = {isa = PBXBuildFile; fileRef = 8116C4FE285A788500ECB796 /* LaunchScreen.storyboard */; };
		8117C062286B792A00649B1E /* GroupsViewController.swift in Sources */ = {isa = PBXBuildFile; fileRef = 8117C061286B792A00649B1E /* GroupsViewController.swift */; };
		8117C064286B7D6000649B1E /* GroupCell.swift in Sources */ = {isa = PBXBuildFile; fileRef = 8117C063286B7D6000649B1E /* GroupCell.swift */; };
		8117C066286CDC0400649B1E /* AvatarUIView.swift in Sources */ = {isa = PBXBuildFile; fileRef = 8117C065286CDC0400649B1E /* AvatarUIView.swift */; };
		8117C068286CEA6500649B1E /* LikeControl.swift in Sources */ = {isa = PBXBuildFile; fileRef = 8117C067286CEA6500649B1E /* LikeControl.swift */; };
		8117C06C286CF50F00649B1E /* UIView + IBInspectable extension.swift in Sources */ = {isa = PBXBuildFile; fileRef = 8117C06B286CF50F00649B1E /* UIView + IBInspectable extension.swift */; };
		8117C07028731E9300649B1E /* LoginUIView.swift in Sources */ = {isa = PBXBuildFile; fileRef = 8117C06F28731E9300649B1E /* LoginUIView.swift */; };
		815315F2286A55CB0030537D /* Group.swift in Sources */ = {isa = PBXBuildFile; fileRef = 815315F1286A55CB0030537D /* Group.swift */; };
		815315F5286A5A8C0030537D /* FriendsCollectionViewController.swift in Sources */ = {isa = PBXBuildFile; fileRef = 815315F4286A5A8C0030537D /* FriendsCollectionViewController.swift */; };
		815315F7286A5EDA0030537D /* FriendCollectionViewCell.swift in Sources */ = {isa = PBXBuildFile; fileRef = 815315F6286A5EDA0030537D /* FriendCollectionViewCell.swift */; };
		81DE030E286275FB009C1856 /* UiViewController+extension.swift in Sources */ = {isa = PBXBuildFile; fileRef = 81DE030D286275FB009C1856 /* UiViewController+extension.swift */; };
		81DE03162868A755009C1856 /* FriendsViewController.swift in Sources */ = {isa = PBXBuildFile; fileRef = 81DE03152868A755009C1856 /* FriendsViewController.swift */; };
		81DE03182868A811009C1856 /* GroupsTableViewController.swift in Sources */ = {isa = PBXBuildFile; fileRef = 81DE03172868A811009C1856 /* GroupsTableViewController.swift */; };
		81DE031A2868AD0F009C1856 /* FriendCell.swift in Sources */ = {isa = PBXBuildFile; fileRef = 81DE03192868AD0F009C1856 /* FriendCell.swift */; };
		81DE031C2868B31F009C1856 /* Friend.swift in Sources */ = {isa = PBXBuildFile; fileRef = 81DE031B2868B31F009C1856 /* Friend.swift */; };
		81ED6321287637B300B81225 /* FriendXIBTableViewCell.swift in Sources */ = {isa = PBXBuildFile; fileRef = 81ED631F287637B300B81225 /* FriendXIBTableViewCell.swift */; };
		81ED6322287637B300B81225 /* FriendXIBTableViewCell.xib in Resources */ = {isa = PBXBuildFile; fileRef = 81ED6320287637B300B81225 /* FriendXIBTableViewCell.xib */; };
		81ED63262876442D00B81225 /* GroupXIBTableViewCell.swift in Sources */ = {isa = PBXBuildFile; fileRef = 81ED63242876442D00B81225 /* GroupXIBTableViewCell.swift */; };
		81ED63272876442D00B81225 /* GroupXIBTableViewCell.xib in Resources */ = {isa = PBXBuildFile; fileRef = 81ED63252876442D00B81225 /* GroupXIBTableViewCell.xib */; };
/* End PBXBuildFile section */

/* Begin PBXFileReference section */
		8107E484288768EA00891999 /* TabBarViewController.swift */ = {isa = PBXFileReference; lastKnownFileType = sourcecode.swift; path = TabBarViewController.swift; sourceTree = "<group>"; };
		8107E4862889E71600891999 /* CustomNavigationController.swift */ = {isa = PBXFileReference; fileEncoding = 4; lastKnownFileType = sourcecode.swift; path = CustomNavigationController.swift; sourceTree = "<group>"; };
		8107E4882889E75C00891999 /* CustomPushAnimator.swift */ = {isa = PBXFileReference; fileEncoding = 4; lastKnownFileType = sourcecode.swift; path = CustomPushAnimator.swift; sourceTree = "<group>"; };
		8107E4892889E75C00891999 /* CustomPopAnimator.swift */ = {isa = PBXFileReference; fileEncoding = 4; lastKnownFileType = sourcecode.swift; path = CustomPopAnimator.swift; sourceTree = "<group>"; };
		8107E48A2889E75C00891999 /* CustomInteractiveTransition.swift */ = {isa = PBXFileReference; fileEncoding = 4; lastKnownFileType = sourcecode.swift; path = CustomInteractiveTransition.swift; sourceTree = "<group>"; };
		811697BF2878FB8C00CE1765 /* News.swift */ = {isa = PBXFileReference; lastKnownFileType = sourcecode.swift; path = News.swift; sourceTree = "<group>"; };
		811697C12878FF8300CE1765 /* LoginViewController.swift */ = {isa = PBXFileReference; lastKnownFileType = sourcecode.swift; path = LoginViewController.swift; sourceTree = "<group>"; };
		811697C32879005300CE1765 /* NewsViewController.swift */ = {isa = PBXFileReference; lastKnownFileType = sourcecode.swift; path = NewsViewController.swift; sourceTree = "<group>"; };
		811697C62879079300CE1765 /* NewsTableViewCell.swift */ = {isa = PBXFileReference; lastKnownFileType = sourcecode.swift; path = NewsTableViewCell.swift; sourceTree = "<group>"; };
		811697C72879079300CE1765 /* NewsTableViewCell.xib */ = {isa = PBXFileReference; lastKnownFileType = file.xib; path = NewsTableViewCell.xib; sourceTree = "<group>"; };
		811697CB287F7C3500CE1765 /* FriendsPhotoGalleryController.swift */ = {isa = PBXFileReference; lastKnownFileType = sourcecode.swift; path = FriendsPhotoGalleryController.swift; sourceTree = "<group>"; };
		811697CD288035B700CE1765 /* PhotoCollectionViewCell.swift */ = {isa = PBXFileReference; lastKnownFileType = sourcecode.swift; path = PhotoCollectionViewCell.swift; sourceTree = "<group>"; };
		811697CE288035B700CE1765 /* PhotoCollectionViewCell.xib */ = {isa = PBXFileReference; lastKnownFileType = file.xib; path = PhotoCollectionViewCell.xib; sourceTree = "<group>"; };
		811697D92880DBED00CE1765 /* SJCenterFlowLayout.swift */ = {isa = PBXFileReference; lastKnownFileType = sourcecode.swift; path = SJCenterFlowLayout.swift; sourceTree = "<group>"; };
		811697E62887342C00CE1765 /* CustomMainNavigationController.swift */ = {isa = PBXFileReference; fileEncoding = 4; lastKnownFileType = sourcecode.swift; path = CustomMainNavigationController.swift; sourceTree = "<group>"; };
		811697E72887342C00CE1765 /* CustomMainPush+PopAnimators.swift */ = {isa = PBXFileReference; fileEncoding = 4; lastKnownFileType = sourcecode.swift; path = "CustomMainPush+PopAnimators.swift"; sourceTree = "<group>"; };
		811697E82887342C00CE1765 /* CustomSegue.swift */ = {isa = PBXFileReference; fileEncoding = 4; lastKnownFileType = sourcecode.swift; path = CustomSegue.swift; sourceTree = "<group>"; };
		811697E92887342C00CE1765 /* Animator.swift */ = {isa = PBXFileReference; fileEncoding = 4; lastKnownFileType = sourcecode.swift; path = Animator.swift; sourceTree = "<group>"; };
		8116C4F0285A788300ECB796 /* vk_KukobaAlexander.app */ = {isa = PBXFileReference; explicitFileType = wrapper.application; includeInIndex = 0; path = vk_KukobaAlexander.app; sourceTree = BUILT_PRODUCTS_DIR; };
		8116C4F3285A788300ECB796 /* AppDelegate.swift */ = {isa = PBXFileReference; lastKnownFileType = sourcecode.swift; path = AppDelegate.swift; sourceTree = "<group>"; };
		8116C4F5285A788300ECB796 /* SceneDelegate.swift */ = {isa = PBXFileReference; lastKnownFileType = sourcecode.swift; path = SceneDelegate.swift; sourceTree = "<group>"; };
		8116C4FA285A788300ECB796 /* Base */ = {isa = PBXFileReference; lastKnownFileType = file.storyboard; name = Base; path = Base.lproj/Main.storyboard; sourceTree = "<group>"; };
		8116C4FC285A788500ECB796 /* Assets.xcassets */ = {isa = PBXFileReference; lastKnownFileType = folder.assetcatalog; path = Assets.xcassets; sourceTree = "<group>"; };
		8116C4FF285A788500ECB796 /* Base */ = {isa = PBXFileReference; lastKnownFileType = file.storyboard; name = Base; path = Base.lproj/LaunchScreen.storyboard; sourceTree = "<group>"; };
		8116C501285A788500ECB796 /* Info.plist */ = {isa = PBXFileReference; lastKnownFileType = text.plist.xml; path = Info.plist; sourceTree = "<group>"; };
		8117C061286B792A00649B1E /* GroupsViewController.swift */ = {isa = PBXFileReference; lastKnownFileType = sourcecode.swift; path = GroupsViewController.swift; sourceTree = "<group>"; };
		8117C063286B7D6000649B1E /* GroupCell.swift */ = {isa = PBXFileReference; lastKnownFileType = sourcecode.swift; path = GroupCell.swift; sourceTree = "<group>"; };
		8117C065286CDC0400649B1E /* AvatarUIView.swift */ = {isa = PBXFileReference; lastKnownFileType = sourcecode.swift; path = AvatarUIView.swift; sourceTree = "<group>"; };
		8117C067286CEA6500649B1E /* LikeControl.swift */ = {isa = PBXFileReference; lastKnownFileType = sourcecode.swift; path = LikeControl.swift; sourceTree = "<group>"; };
		8117C06B286CF50F00649B1E /* UIView + IBInspectable extension.swift */ = {isa = PBXFileReference; lastKnownFileType = sourcecode.swift; path = "UIView + IBInspectable extension.swift"; sourceTree = "<group>"; };
		8117C06F28731E9300649B1E /* LoginUIView.swift */ = {isa = PBXFileReference; lastKnownFileType = sourcecode.swift; name = LoginUIView.swift; path = vk_KukobaAlexander/LoginUIView.swift; sourceTree = SOURCE_ROOT; };
		815315F1286A55CB0030537D /* Group.swift */ = {isa = PBXFileReference; lastKnownFileType = sourcecode.swift; path = Group.swift; sourceTree = "<group>"; };
		815315F4286A5A8C0030537D /* FriendsCollectionViewController.swift */ = {isa = PBXFileReference; lastKnownFileType = sourcecode.swift; path = FriendsCollectionViewController.swift; sourceTree = "<group>"; };
		815315F6286A5EDA0030537D /* FriendCollectionViewCell.swift */ = {isa = PBXFileReference; lastKnownFileType = sourcecode.swift; path = FriendCollectionViewCell.swift; sourceTree = "<group>"; };
		81DE030D286275FB009C1856 /* UiViewController+extension.swift */ = {isa = PBXFileReference; lastKnownFileType = sourcecode.swift; path = "UiViewController+extension.swift"; sourceTree = "<group>"; };
		81DE03152868A755009C1856 /* FriendsViewController.swift */ = {isa = PBXFileReference; lastKnownFileType = sourcecode.swift; path = FriendsViewController.swift; sourceTree = "<group>"; };
		81DE03172868A811009C1856 /* GroupsTableViewController.swift */ = {isa = PBXFileReference; lastKnownFileType = sourcecode.swift; path = GroupsTableViewController.swift; sourceTree = "<group>"; };
		81DE03192868AD0F009C1856 /* FriendCell.swift */ = {isa = PBXFileReference; lastKnownFileType = sourcecode.swift; path = FriendCell.swift; sourceTree = "<group>"; };
		81DE031B2868B31F009C1856 /* Friend.swift */ = {isa = PBXFileReference; lastKnownFileType = sourcecode.swift; path = Friend.swift; sourceTree = "<group>"; };
		81ED631F287637B300B81225 /* FriendXIBTableViewCell.swift */ = {isa = PBXFileReference; lastKnownFileType = sourcecode.swift; path = FriendXIBTableViewCell.swift; sourceTree = "<group>"; };
		81ED6320287637B300B81225 /* FriendXIBTableViewCell.xib */ = {isa = PBXFileReference; lastKnownFileType = file.xib; path = FriendXIBTableViewCell.xib; sourceTree = "<group>"; };
		81ED63242876442D00B81225 /* GroupXIBTableViewCell.swift */ = {isa = PBXFileReference; lastKnownFileType = sourcecode.swift; path = GroupXIBTableViewCell.swift; sourceTree = "<group>"; };
		81ED63252876442D00B81225 /* GroupXIBTableViewCell.xib */ = {isa = PBXFileReference; lastKnownFileType = file.xib; path = GroupXIBTableViewCell.xib; sourceTree = "<group>"; };
/* End PBXFileReference section */

/* Begin PBXFrameworksBuildPhase section */
		8116C4ED285A788300ECB796 /* Frameworks */ = {
			isa = PBXFrameworksBuildPhase;
			buildActionMask = 2147483647;
			files = (
			);
			runOnlyForDeploymentPostprocessing = 0;
		};
/* End PBXFrameworksBuildPhase section */

/* Begin PBXGroup section */
		811697C52879007800CE1765 /* News */ = {
			isa = PBXGroup;
			children = (
				811697C32879005300CE1765 /* NewsViewController.swift */,
				811697CA2879079D00CE1765 /* NewsXIB */,
			);
			path = News;
			sourceTree = "<group>";
		};
		811697CA2879079D00CE1765 /* NewsXIB */ = {
			isa = PBXGroup;
			children = (
				811697C62879079300CE1765 /* NewsTableViewCell.swift */,
				811697C72879079300CE1765 /* NewsTableViewCell.xib */,
			);
			path = NewsXIB;
			sourceTree = "<group>";
		};
		811697D1288035BE00CE1765 /* FriendPhotoCell */ = {
			isa = PBXGroup;
			children = (
				811697CD288035B700CE1765 /* PhotoCollectionViewCell.swift */,
				811697CE288035B700CE1765 /* PhotoCollectionViewCell.xib */,
			);
			path = FriendPhotoCell;
			sourceTree = "<group>";
		};
		811697D22880DAC100CE1765 /* PhotoGallery */ = {
			isa = PBXGroup;
			children = (
				811697CB287F7C3500CE1765 /* FriendsPhotoGalleryController.swift */,
				811697D1288035BE00CE1765 /* FriendPhotoCell */,
			);
			path = PhotoGallery;
			sourceTree = "<group>";
		};
		811697DB2880DD0500CE1765 /* Helpers */ = {
			isa = PBXGroup;
			children = (
				811697E92887342C00CE1765 /* Animator.swift */,
				811697E62887342C00CE1765 /* CustomMainNavigationController.swift */,
				811697E72887342C00CE1765 /* CustomMainPush+PopAnimators.swift */,
				811697E82887342C00CE1765 /* CustomSegue.swift */,
				8107E4862889E71600891999 /* CustomNavigationController.swift */,
				8107E48A2889E75C00891999 /* CustomInteractiveTransition.swift */,
				8107E4892889E75C00891999 /* CustomPopAnimator.swift */,
				8107E4882889E75C00891999 /* CustomPushAnimator.swift */,
				811697D92880DBED00CE1765 /* SJCenterFlowLayout.swift */,
			);
			path = Helpers;
			sourceTree = "<group>";
		};
		8116C4E7285A788300ECB796 = {
			isa = PBXGroup;
			children = (
				8116C4F2285A788300ECB796 /* vk_KukobaAlexander */,
				8116C4F1285A788300ECB796 /* Products */,
			);
			sourceTree = "<group>";
		};
		8116C4F1285A788300ECB796 /* Products */ = {
			isa = PBXGroup;
			children = (
				8116C4F0285A788300ECB796 /* vk_KukobaAlexander.app */,
			);
			name = Products;
			sourceTree = "<group>";
		};
		8116C4F2285A788300ECB796 /* vk_KukobaAlexander */ = {
			isa = PBXGroup;
			children = (
				8117C07128731EAB00649B1E /* View */,
				81DE031D2868D2AE009C1856 /* Model */,
				8179784A286A54FB00D14B27 /* Controller */,
				8179784C286A551100D14B27 /* Extension */,
				811697DB2880DD0500CE1765 /* Helpers */,
				815315F3286A56730030537D /* Resourse */,
				8116C4F5285A788300ECB796 /* SceneDelegate.swift */,
				8116C4F3285A788300ECB796 /* AppDelegate.swift */,
				8116C501285A788500ECB796 /* Info.plist */,
			);
			path = vk_KukobaAlexander;
			sourceTree = "<group>";
		};
		8117C05F286B707300649B1E /* Groups */ = {
			isa = PBXGroup;
			children = (
				81DE03172868A811009C1856 /* GroupsTableViewController.swift */,
				8117C061286B792A00649B1E /* GroupsViewController.swift */,
				8117C063286B7D6000649B1E /* GroupCell.swift */,
				81ED63282876443900B81225 /* GroupXIB */,
			);
			path = Groups;
			sourceTree = "<group>";
		};
		8117C07128731EAB00649B1E /* View */ = {
			isa = PBXGroup;
			children = (
				8117C06F28731E9300649B1E /* LoginUIView.swift */,
			);
			name = View;
			sourceTree = "<group>";
		};
		815315F3286A56730030537D /* Resourse */ = {
			isa = PBXGroup;
			children = (
				8116C4FC285A788500ECB796 /* Assets.xcassets */,
				8116C4F9285A788300ECB796 /* Main.storyboard */,
				8116C4FE285A788500ECB796 /* LaunchScreen.storyboard */,
			);
			path = Resourse;
			sourceTree = "<group>";
		};
		815315F8286A5EE50030537D /* Friends */ = {
			isa = PBXGroup;
			children = (
				815315F9286A605A0030537D /* TableView */,
				815315FA286A60690030537D /* CollectionView */,
				811697D22880DAC100CE1765 /* PhotoGallery */,
			);
			path = Friends;
			sourceTree = "<group>";
		};
		815315F9286A605A0030537D /* TableView */ = {
			isa = PBXGroup;
			children = (
				8117C065286CDC0400649B1E /* AvatarUIView.swift */,
				81DE03152868A755009C1856 /* FriendsViewController.swift */,
				81DE03192868AD0F009C1856 /* FriendCell.swift */,
				81ED6323287637C800B81225 /* FriendXIB */,
				8117C067286CEA6500649B1E /* LikeControl.swift */,
			);
			path = TableView;
			sourceTree = "<group>";
		};
		815315FA286A60690030537D /* CollectionView */ = {
			isa = PBXGroup;
			children = (
				815315F4286A5A8C0030537D /* FriendsCollectionViewController.swift */,
				815315F6286A5EDA0030537D /* FriendCollectionViewCell.swift */,
			);
			path = CollectionView;
			sourceTree = "<group>";
		};
		8179784A286A54FB00D14B27 /* Controller */ = {
			isa = PBXGroup;
			children = (
				811697C12878FF8300CE1765 /* LoginViewController.swift */,
				8107E484288768EA00891999 /* TabBarViewController.swift */,
				8117C05F286B707300649B1E /* Groups */,
				815315F8286A5EE50030537D /* Friends */,
				811697C52879007800CE1765 /* News */,
			);
			path = Controller;
			sourceTree = "<group>";
		};
		8179784C286A551100D14B27 /* Extension */ = {
			isa = PBXGroup;
			children = (
				81DE030D286275FB009C1856 /* UiViewController+extension.swift */,
				8117C06B286CF50F00649B1E /* UIView + IBInspectable extension.swift */,
			);
			path = Extension;
			sourceTree = "<group>";
		};
		81DE031D2868D2AE009C1856 /* Model */ = {
			isa = PBXGroup;
			children = (
				81DE031B2868B31F009C1856 /* Friend.swift */,
				815315F1286A55CB0030537D /* Group.swift */,
				811697BF2878FB8C00CE1765 /* News.swift */,
			);
			path = Model;
			sourceTree = "<group>";
		};
		81ED6323287637C800B81225 /* FriendXIB */ = {
			isa = PBXGroup;
			children = (
				81ED631F287637B300B81225 /* FriendXIBTableViewCell.swift */,
				81ED6320287637B300B81225 /* FriendXIBTableViewCell.xib */,
			);
			path = FriendXIB;
			sourceTree = "<group>";
		};
		81ED63282876443900B81225 /* GroupXIB */ = {
			isa = PBXGroup;
			children = (
				81ED63242876442D00B81225 /* GroupXIBTableViewCell.swift */,
				81ED63252876442D00B81225 /* GroupXIBTableViewCell.xib */,
			);
			path = GroupXIB;
			sourceTree = "<group>";
		};
/* End PBXGroup section */

/* Begin PBXNativeTarget section */
		8116C4EF285A788300ECB796 /* vk_KukobaAlexander */ = {
			isa = PBXNativeTarget;
			buildConfigurationList = 8116C504285A788500ECB796 /* Build configuration list for PBXNativeTarget "vk_KukobaAlexander" */;
			buildPhases = (
				8116C4EC285A788300ECB796 /* Sources */,
				8116C4ED285A788300ECB796 /* Frameworks */,
				8116C4EE285A788300ECB796 /* Resources */,
			);
			buildRules = (
			);
			dependencies = (
			);
			name = vk_KukobaAlexander;
			productName = vk_KukobaAlexander;
			productReference = 8116C4F0285A788300ECB796 /* vk_KukobaAlexander.app */;
			productType = "com.apple.product-type.application";
		};
/* End PBXNativeTarget section */

/* Begin PBXProject section */
		8116C4E8285A788300ECB796 /* Project object */ = {
			isa = PBXProject;
			attributes = {
				BuildIndependentTargetsInParallel = 1;
				LastSwiftUpdateCheck = 1340;
				LastUpgradeCheck = 1340;
				TargetAttributes = {
					8116C4EF285A788300ECB796 = {
						CreatedOnToolsVersion = 13.4.1;
					};
				};
			};
			buildConfigurationList = 8116C4EB285A788300ECB796 /* Build configuration list for PBXProject "vk_KukobaAlexander" */;
			compatibilityVersion = "Xcode 13.0";
			developmentRegion = en;
			hasScannedForEncodings = 0;
			knownRegions = (
				en,
				Base,
			);
			mainGroup = 8116C4E7285A788300ECB796;
			productRefGroup = 8116C4F1285A788300ECB796 /* Products */;
			projectDirPath = "";
			projectRoot = "";
			targets = (
				8116C4EF285A788300ECB796 /* vk_KukobaAlexander */,
			);
		};
/* End PBXProject section */

/* Begin PBXResourcesBuildPhase section */
		8116C4EE285A788300ECB796 /* Resources */ = {
			isa = PBXResourcesBuildPhase;
			buildActionMask = 2147483647;
			files = (
				81ED63272876442D00B81225 /* GroupXIBTableViewCell.xib in Resources */,
				8116C500285A788500ECB796 /* LaunchScreen.storyboard in Resources */,
				81ED6322287637B300B81225 /* FriendXIBTableViewCell.xib in Resources */,
				8116C4FD285A788500ECB796 /* Assets.xcassets in Resources */,
				811697D0288035B700CE1765 /* PhotoCollectionViewCell.xib in Resources */,
				811697C92879079300CE1765 /* NewsTableViewCell.xib in Resources */,
				8116C4FB285A788300ECB796 /* Main.storyboard in Resources */,
			);
			runOnlyForDeploymentPostprocessing = 0;
		};
/* End PBXResourcesBuildPhase section */

/* Begin PBXSourcesBuildPhase section */
		8116C4EC285A788300ECB796 /* Sources */ = {
			isa = PBXSourcesBuildPhase;
			buildActionMask = 2147483647;
			files = (
				811697ED2887342C00CE1765 /* Animator.swift in Sources */,
				81ED6321287637B300B81225 /* FriendXIBTableViewCell.swift in Sources */,
				81ED63262876442D00B81225 /* GroupXIBTableViewCell.swift in Sources */,
				8107E48C2889E75C00891999 /* CustomPopAnimator.swift in Sources */,
				815315F7286A5EDA0030537D /* FriendCollectionViewCell.swift in Sources */,
				811697EB2887342C00CE1765 /* CustomMainPush+PopAnimators.swift in Sources */,
				8117C068286CEA6500649B1E /* LikeControl.swift in Sources */,
				8116C4F4285A788300ECB796 /* AppDelegate.swift in Sources */,
				8117C06C286CF50F00649B1E /* UIView + IBInspectable extension.swift in Sources */,
				811697CF288035B700CE1765 /* PhotoCollectionViewCell.swift in Sources */,
				8107E48B2889E75C00891999 /* CustomPushAnimator.swift in Sources */,
				815315F5286A5A8C0030537D /* FriendsCollectionViewController.swift in Sources */,
				8107E48D2889E75C00891999 /* CustomInteractiveTransition.swift in Sources */,
				811697CC287F7C3500CE1765 /* FriendsPhotoGalleryController.swift in Sources */,
				8117C07028731E9300649B1E /* LoginUIView.swift in Sources */,
				811697EC2887342C00CE1765 /* CustomSegue.swift in Sources */,
				811697C82879079300CE1765 /* NewsTableViewCell.swift in Sources */,
				81DE03162868A755009C1856 /* FriendsViewController.swift in Sources */,
				811697EA2887342C00CE1765 /* CustomMainNavigationController.swift in Sources */,
				8117C062286B792A00649B1E /* GroupsViewController.swift in Sources */,
				8107E4872889E71600891999 /* CustomNavigationController.swift in Sources */,
				815315F2286A55CB0030537D /* Group.swift in Sources */,
				8117C064286B7D6000649B1E /* GroupCell.swift in Sources */,
				8116C4F6285A788300ECB796 /* SceneDelegate.swift in Sources */,
				811697DA2880DBED00CE1765 /* SJCenterFlowLayout.swift in Sources */,
				81DE03182868A811009C1856 /* GroupsTableViewController.swift in Sources */,
				811697C42879005300CE1765 /* NewsViewController.swift in Sources */,
				81DE031C2868B31F009C1856 /* Friend.swift in Sources */,
				8117C066286CDC0400649B1E /* AvatarUIView.swift in Sources */,
				811697C02878FB8C00CE1765 /* News.swift in Sources */,
				811697C22878FF8300CE1765 /* LoginViewController.swift in Sources */,
				81DE030E286275FB009C1856 /* UiViewController+extension.swift in Sources */,
				8107E485288768EA00891999 /* TabBarViewController.swift in Sources */,
				81DE031A2868AD0F009C1856 /* FriendCell.swift in Sources */,
			);
			runOnlyForDeploymentPostprocessing = 0;
		};
/* End PBXSourcesBuildPhase section */

/* Begin PBXVariantGroup section */
		8116C4F9285A788300ECB796 /* Main.storyboard */ = {
			isa = PBXVariantGroup;
			children = (
				8116C4FA285A788300ECB796 /* Base */,
			);
			name = Main.storyboard;
			sourceTree = "<group>";
		};
		8116C4FE285A788500ECB796 /* LaunchScreen.storyboard */ = {
			isa = PBXVariantGroup;
			children = (
				8116C4FF285A788500ECB796 /* Base */,
			);
			name = LaunchScreen.storyboard;
			sourceTree = "<group>";
		};
/* End PBXVariantGroup section */

/* Begin XCBuildConfiguration section */
		8116C502285A788500ECB796 /* Debug */ = {
			isa = XCBuildConfiguration;
			buildSettings = {
				ALWAYS_SEARCH_USER_PATHS = NO;
				CLANG_ANALYZER_NONNULL = YES;
				CLANG_ANALYZER_NUMBER_OBJECT_CONVERSION = YES_AGGRESSIVE;
				CLANG_CXX_LANGUAGE_STANDARD = "gnu++17";
				CLANG_ENABLE_MODULES = YES;
				CLANG_ENABLE_OBJC_ARC = YES;
				CLANG_ENABLE_OBJC_WEAK = YES;
				CLANG_WARN_BLOCK_CAPTURE_AUTORELEASING = YES;
				CLANG_WARN_BOOL_CONVERSION = YES;
				CLANG_WARN_COMMA = YES;
				CLANG_WARN_CONSTANT_CONVERSION = YES;
				CLANG_WARN_DEPRECATED_OBJC_IMPLEMENTATIONS = YES;
				CLANG_WARN_DIRECT_OBJC_ISA_USAGE = YES_ERROR;
				CLANG_WARN_DOCUMENTATION_COMMENTS = YES;
				CLANG_WARN_EMPTY_BODY = YES;
				CLANG_WARN_ENUM_CONVERSION = YES;
				CLANG_WARN_INFINITE_RECURSION = YES;
				CLANG_WARN_INT_CONVERSION = YES;
				CLANG_WARN_NON_LITERAL_NULL_CONVERSION = YES;
				CLANG_WARN_OBJC_IMPLICIT_RETAIN_SELF = YES;
				CLANG_WARN_OBJC_LITERAL_CONVERSION = YES;
				CLANG_WARN_OBJC_ROOT_CLASS = YES_ERROR;
				CLANG_WARN_QUOTED_INCLUDE_IN_FRAMEWORK_HEADER = YES;
				CLANG_WARN_RANGE_LOOP_ANALYSIS = YES;
				CLANG_WARN_STRICT_PROTOTYPES = YES;
				CLANG_WARN_SUSPICIOUS_MOVE = YES;
				CLANG_WARN_UNGUARDED_AVAILABILITY = YES_AGGRESSIVE;
				CLANG_WARN_UNREACHABLE_CODE = YES;
				CLANG_WARN__DUPLICATE_METHOD_MATCH = YES;
				COPY_PHASE_STRIP = NO;
				DEBUG_INFORMATION_FORMAT = dwarf;
				ENABLE_STRICT_OBJC_MSGSEND = YES;
				ENABLE_TESTABILITY = YES;
				GCC_C_LANGUAGE_STANDARD = gnu11;
				GCC_DYNAMIC_NO_PIC = NO;
				GCC_NO_COMMON_BLOCKS = YES;
				GCC_OPTIMIZATION_LEVEL = 0;
				GCC_PREPROCESSOR_DEFINITIONS = (
					"DEBUG=1",
					"$(inherited)",
				);
				GCC_WARN_64_TO_32_BIT_CONVERSION = YES;
				GCC_WARN_ABOUT_RETURN_TYPE = YES_ERROR;
				GCC_WARN_UNDECLARED_SELECTOR = YES;
				GCC_WARN_UNINITIALIZED_AUTOS = YES_AGGRESSIVE;
				GCC_WARN_UNUSED_FUNCTION = YES;
				GCC_WARN_UNUSED_VARIABLE = YES;
				IPHONEOS_DEPLOYMENT_TARGET = 15.5;
				MTL_ENABLE_DEBUG_INFO = INCLUDE_SOURCE;
				MTL_FAST_MATH = YES;
				ONLY_ACTIVE_ARCH = YES;
				SDKROOT = iphoneos;
				SWIFT_ACTIVE_COMPILATION_CONDITIONS = DEBUG;
				SWIFT_OPTIMIZATION_LEVEL = "-Onone";
			};
			name = Debug;
		};
		8116C503285A788500ECB796 /* Release */ = {
			isa = XCBuildConfiguration;
			buildSettings = {
				ALWAYS_SEARCH_USER_PATHS = NO;
				CLANG_ANALYZER_NONNULL = YES;
				CLANG_ANALYZER_NUMBER_OBJECT_CONVERSION = YES_AGGRESSIVE;
				CLANG_CXX_LANGUAGE_STANDARD = "gnu++17";
				CLANG_ENABLE_MODULES = YES;
				CLANG_ENABLE_OBJC_ARC = YES;
				CLANG_ENABLE_OBJC_WEAK = YES;
				CLANG_WARN_BLOCK_CAPTURE_AUTORELEASING = YES;
				CLANG_WARN_BOOL_CONVERSION = YES;
				CLANG_WARN_COMMA = YES;
				CLANG_WARN_CONSTANT_CONVERSION = YES;
				CLANG_WARN_DEPRECATED_OBJC_IMPLEMENTATIONS = YES;
				CLANG_WARN_DIRECT_OBJC_ISA_USAGE = YES_ERROR;
				CLANG_WARN_DOCUMENTATION_COMMENTS = YES;
				CLANG_WARN_EMPTY_BODY = YES;
				CLANG_WARN_ENUM_CONVERSION = YES;
				CLANG_WARN_INFINITE_RECURSION = YES;
				CLANG_WARN_INT_CONVERSION = YES;
				CLANG_WARN_NON_LITERAL_NULL_CONVERSION = YES;
				CLANG_WARN_OBJC_IMPLICIT_RETAIN_SELF = YES;
				CLANG_WARN_OBJC_LITERAL_CONVERSION = YES;
				CLANG_WARN_OBJC_ROOT_CLASS = YES_ERROR;
				CLANG_WARN_QUOTED_INCLUDE_IN_FRAMEWORK_HEADER = YES;
				CLANG_WARN_RANGE_LOOP_ANALYSIS = YES;
				CLANG_WARN_STRICT_PROTOTYPES = YES;
				CLANG_WARN_SUSPICIOUS_MOVE = YES;
				CLANG_WARN_UNGUARDED_AVAILABILITY = YES_AGGRESSIVE;
				CLANG_WARN_UNREACHABLE_CODE = YES;
				CLANG_WARN__DUPLICATE_METHOD_MATCH = YES;
				COPY_PHASE_STRIP = NO;
				DEBUG_INFORMATION_FORMAT = "dwarf-with-dsym";
				ENABLE_NS_ASSERTIONS = NO;
				ENABLE_STRICT_OBJC_MSGSEND = YES;
				GCC_C_LANGUAGE_STANDARD = gnu11;
				GCC_NO_COMMON_BLOCKS = YES;
				GCC_WARN_64_TO_32_BIT_CONVERSION = YES;
				GCC_WARN_ABOUT_RETURN_TYPE = YES_ERROR;
				GCC_WARN_UNDECLARED_SELECTOR = YES;
				GCC_WARN_UNINITIALIZED_AUTOS = YES_AGGRESSIVE;
				GCC_WARN_UNUSED_FUNCTION = YES;
				GCC_WARN_UNUSED_VARIABLE = YES;
				IPHONEOS_DEPLOYMENT_TARGET = 15.5;
				MTL_ENABLE_DEBUG_INFO = NO;
				MTL_FAST_MATH = YES;
				SDKROOT = iphoneos;
				SWIFT_COMPILATION_MODE = wholemodule;
				SWIFT_OPTIMIZATION_LEVEL = "-O";
				VALIDATE_PRODUCT = YES;
			};
			name = Release;
		};
		8116C505285A788500ECB796 /* Debug */ = {
			isa = XCBuildConfiguration;
			buildSettings = {
				ASSETCATALOG_COMPILER_APPICON_NAME = AppIcon;
				ASSETCATALOG_COMPILER_GLOBAL_ACCENT_COLOR_NAME = AccentColor;
				CODE_SIGN_STYLE = Automatic;
				CURRENT_PROJECT_VERSION = 1;
				DEVELOPMENT_TEAM = Y5Q79239V5;
				GENERATE_INFOPLIST_FILE = YES;
				INFOPLIST_FILE = vk_KukobaAlexander/Info.plist;
				INFOPLIST_KEY_UIApplicationSupportsIndirectInputEvents = YES;
				INFOPLIST_KEY_UILaunchStoryboardName = LaunchScreen;
				INFOPLIST_KEY_UIMainStoryboardFile = Main;
				INFOPLIST_KEY_UISupportedInterfaceOrientations_iPad = "UIInterfaceOrientationPortrait UIInterfaceOrientationPortraitUpsideDown UIInterfaceOrientationLandscapeLeft UIInterfaceOrientationLandscapeRight";
				INFOPLIST_KEY_UISupportedInterfaceOrientations_iPhone = "UIInterfaceOrientationPortrait UIInterfaceOrientationLandscapeLeft UIInterfaceOrientationLandscapeRight";
				LD_RUNPATH_SEARCH_PATHS = (
					"$(inherited)",
					"@executable_path/Frameworks",
				);
				MARKETING_VERSION = 1.0;
				PRODUCT_BUNDLE_IDENTIFIER = "home.vk-KukobaAlexander";
				PRODUCT_NAME = "$(TARGET_NAME)";
				SWIFT_EMIT_LOC_STRINGS = YES;
				SWIFT_VERSION = 5.0;
				TARGETED_DEVICE_FAMILY = "1,2";
			};
			name = Debug;
		};
		8116C506285A788500ECB796 /* Release */ = {
			isa = XCBuildConfiguration;
			buildSettings = {
				ASSETCATALOG_COMPILER_APPICON_NAME = AppIcon;
				ASSETCATALOG_COMPILER_GLOBAL_ACCENT_COLOR_NAME = AccentColor;
				CODE_SIGN_STYLE = Automatic;
				CURRENT_PROJECT_VERSION = 1;
				DEVELOPMENT_TEAM = Y5Q79239V5;
				GENERATE_INFOPLIST_FILE = YES;
				INFOPLIST_FILE = vk_KukobaAlexander/Info.plist;
				INFOPLIST_KEY_UIApplicationSupportsIndirectInputEvents = YES;
				INFOPLIST_KEY_UILaunchStoryboardName = LaunchScreen;
				INFOPLIST_KEY_UIMainStoryboardFile = Main;
				INFOPLIST_KEY_UISupportedInterfaceOrientations_iPad = "UIInterfaceOrientationPortrait UIInterfaceOrientationPortraitUpsideDown UIInterfaceOrientationLandscapeLeft UIInterfaceOrientationLandscapeRight";
				INFOPLIST_KEY_UISupportedInterfaceOrientations_iPhone = "UIInterfaceOrientationPortrait UIInterfaceOrientationLandscapeLeft UIInterfaceOrientationLandscapeRight";
				LD_RUNPATH_SEARCH_PATHS = (
					"$(inherited)",
					"@executable_path/Frameworks",
				);
				MARKETING_VERSION = 1.0;
				PRODUCT_BUNDLE_IDENTIFIER = "home.vk-KukobaAlexander";
				PRODUCT_NAME = "$(TARGET_NAME)";
				SWIFT_EMIT_LOC_STRINGS = YES;
				SWIFT_VERSION = 5.0;
				TARGETED_DEVICE_FAMILY = "1,2";
			};
			name = Release;
		};
/* End XCBuildConfiguration section */

/* Begin XCConfigurationList section */
		8116C4EB285A788300ECB796 /* Build configuration list for PBXProject "vk_KukobaAlexander" */ = {
			isa = XCConfigurationList;
			buildConfigurations = (
				8116C502285A788500ECB796 /* Debug */,
				8116C503285A788500ECB796 /* Release */,
			);
			defaultConfigurationIsVisible = 0;
			defaultConfigurationName = Release;
		};
		8116C504285A788500ECB796 /* Build configuration list for PBXNativeTarget "vk_KukobaAlexander" */ = {
			isa = XCConfigurationList;
			buildConfigurations = (
				8116C505285A788500ECB796 /* Debug */,
				8116C506285A788500ECB796 /* Release */,
			);
			defaultConfigurationIsVisible = 0;
			defaultConfigurationName = Release;
		};
/* End XCConfigurationList section */
	};
	rootObject = 8116C4E8285A788300ECB796 /* Project object */;
}
