// !$*UTF8*$!
{
	archiveVersion = 1;
	classes = {
	};
	objectVersion = 55;
	objects = {

/* Begin PBXBuildFile section */
		8107E485288768EA00891999 /* TabBarViewController.swift in Sources */ = {isa = PBXBuildFile; fileRef = 8107E484288768EA00891999 /* TabBarViewController.swift */; };
		8107E4872889E71600891999 /* CustomNavigationController.swift in Sources */ = {isa = PBXBuildFile; fileRef = 8107E4862889E71600891999 /* CustomNavigationController.swift */; };
		8107E48B2889E75C00891999 /* CustomPushAnimator.swift in Sources */ = {isa = PBXBuildFile; fileRef = 8107E4882889E75C00891999 /* CustomPushAnimator.swift */; };
		8107E48C2889E75C00891999 /* CustomPopAnimator.swift in Sources */ = {isa = PBXBuildFile; fileRef = 8107E4892889E75C00891999 /* CustomPopAnimator.swift */; };
		8107E48D2889E75C00891999 /* CustomInteractiveTransition.swift in Sources */ = {isa = PBXBuildFile; fileRef = 8107E48A2889E75C00891999 /* CustomInteractiveTransition.swift */; };
		8107E48F28932B2A00891999 /* Utilities.swift in Sources */ = {isa = PBXBuildFile; fileRef = 8107E48E28932B2A00891999 /* Utilities.swift */; };
		8107E495289337C200891999 /* ViewNewsCounter.swift in Sources */ = {isa = PBXBuildFile; fileRef = 8107E491289337C200891999 /* ViewNewsCounter.swift */; };
		8107E496289337C200891999 /* CommentNewsControl.swift in Sources */ = {isa = PBXBuildFile; fileRef = 8107E492289337C200891999 /* CommentNewsControl.swift */; };
		8107E497289337C200891999 /* LikeNewsControl.swift in Sources */ = {isa = PBXBuildFile; fileRef = 8107E493289337C200891999 /* LikeNewsControl.swift */; };
		8107E498289337C200891999 /* ShareNewsControl.swift in Sources */ = {isa = PBXBuildFile; fileRef = 8107E494289337C200891999 /* ShareNewsControl.swift */; };
		8107E49A28933A9200891999 /* NewsItemViewController.swift in Sources */ = {isa = PBXBuildFile; fileRef = 8107E49928933A9200891999 /* NewsItemViewController.swift */; };
		811697C02878FB8C00CE1765 /* News.swift in Sources */ = {isa = PBXBuildFile; fileRef = 811697BF2878FB8C00CE1765 /* News.swift */; };
		811697C22878FF8300CE1765 /* LoginViewController.swift in Sources */ = {isa = PBXBuildFile; fileRef = 811697C12878FF8300CE1765 /* LoginViewController.swift */; };
		811697C42879005300CE1765 /* NewsViewController.swift in Sources */ = {isa = PBXBuildFile; fileRef = 811697C32879005300CE1765 /* NewsViewController.swift */; };
		811697C82879079300CE1765 /* NewsXIBTableViewCell.swift in Sources */ = {isa = PBXBuildFile; fileRef = 811697C62879079300CE1765 /* NewsXIBTableViewCell.swift */; };
		811697C92879079300CE1765 /* NewsXIBTableViewCell.xib in Resources */ = {isa = PBXBuildFile; fileRef = 811697C72879079300CE1765 /* NewsXIBTableViewCell.xib */; };
		811697CC287F7C3500CE1765 /* FriendsPhotoGalleryController.swift in Sources */ = {isa = PBXBuildFile; fileRef = 811697CB287F7C3500CE1765 /* FriendsPhotoGalleryController.swift */; };
		811697CF288035B700CE1765 /* PhotoCollectionViewCell.swift in Sources */ = {isa = PBXBuildFile; fileRef = 811697CD288035B700CE1765 /* PhotoCollectionViewCell.swift */; };
		811697D0288035B700CE1765 /* PhotoCollectionViewCell.xib in Resources */ = {isa = PBXBuildFile; fileRef = 811697CE288035B700CE1765 /* PhotoCollectionViewCell.xib */; };
		811697DA2880DBED00CE1765 /* SJCenterFlowLayout.swift in Sources */ = {isa = PBXBuildFile; fileRef = 811697D92880DBED00CE1765 /* SJCenterFlowLayout.swift */; };
		811697EA2887342C00CE1765 /* CustomMainNavigationController.swift in Sources */ = {isa = PBXBuildFile; fileRef = 811697E62887342C00CE1765 /* CustomMainNavigationController.swift */; };
		811697EB2887342C00CE1765 /* CustomMainPush+PopAnimators.swift in Sources */ = {isa = PBXBuildFile; fileRef = 811697E72887342C00CE1765 /* CustomMainPush+PopAnimators.swift */; };
		811697EC2887342C00CE1765 /* CustomSegue.swift in Sources */ = {isa = PBXBuildFile; fileRef = 811697E82887342C00CE1765 /* CustomSegue.swift */; };
		811697ED2887342C00CE1765 /* Animator.swift in Sources */ = {isa = PBXBuildFile; fileRef = 811697E92887342C00CE1765 /* Animator.swift */; };
		8116C4F4285A788300ECB796 /* AppDelegate.swift in Sources */ = {isa = PBXBuildFile; fileRef = 8116C4F3285A788300ECB796 /* AppDelegate.swift */; };
		8116C4F6285A788300ECB796 /* SceneDelegate.swift in Sources */ = {isa = PBXBuildFile; fileRef = 8116C4F5285A788300ECB796 /* SceneDelegate.swift */; };
		8116C4FB285A788300ECB796 /* Main.storyboard in Resources */ = {isa = PBXBuildFile; fileRef = 8116C4F9285A788300ECB796 /* Main.storyboard */; };
		8116C4FD285A788500ECB796 /* Assets.xcassets in Resources */ = {isa = PBXBuildFile; fileRef = 8116C4FC285A788500ECB796 /* Assets.xcassets */; };
		8116C500285A788500ECB796 /* LaunchScreen.storyboard in Resources */ = {isa = PBXBuildFile; fileRef = 8116C4FE285A788500ECB796 /* LaunchScreen.storyboard */; };
		8117C062286B792A00649B1E /* GroupsViewController.swift in Sources */ = {isa = PBXBuildFile; fileRef = 8117C061286B792A00649B1E /* GroupsViewController.swift */; };
		8117C064286B7D6000649B1E /* GroupCell.swift in Sources */ = {isa = PBXBuildFile; fileRef = 8117C063286B7D6000649B1E /* GroupCell.swift */; };
		8117C066286CDC0400649B1E /* AvatarUIView.swift in Sources */ = {isa = PBXBuildFile; fileRef = 8117C065286CDC0400649B1E /* AvatarUIView.swift */; };
		8117C068286CEA6500649B1E /* LikeControl.swift in Sources */ = {isa = PBXBuildFile; fileRef = 8117C067286CEA6500649B1E /* LikeControl.swift */; };
		8117C06C286CF50F00649B1E /* UIView + IBInspectable extension.swift in Sources */ = {isa = PBXBuildFile; fileRef = 8117C06B286CF50F00649B1E /* UIView + IBInspectable extension.swift */; };
		8117C07028731E9300649B1E /* LoginUIView.swift in Sources */ = {isa = PBXBuildFile; fileRef = 8117C06F28731E9300649B1E /* LoginUIView.swift */; };
		8145B82828FB64D300B1DB58 /* LoadingViewController.swift in Sources */ = {isa = PBXBuildFile; fileRef = 8145B82628FB64D300B1DB58 /* LoadingViewController.swift */; };
		8145B82928FB64D300B1DB58 /* LoadingViewController.xib in Resources */ = {isa = PBXBuildFile; fileRef = 8145B82728FB64D300B1DB58 /* LoadingViewController.xib */; };
		8145B82C28FB691700B1DB58 /* BaseUIViewController.swift in Sources */ = {isa = PBXBuildFile; fileRef = 8145B82B28FB691700B1DB58 /* BaseUIViewController.swift */; };
		8145B82E28FB6E2A00B1DB58 /* BaseUICollectionViewController.swift in Sources */ = {isa = PBXBuildFile; fileRef = 8145B82D28FB6E2A00B1DB58 /* BaseUICollectionViewController.swift */; };
		8145B83028FB807B00B1DB58 /* LoadingProtocol.swift in Sources */ = {isa = PBXBuildFile; fileRef = 8145B82F28FB807B00B1DB58 /* LoadingProtocol.swift */; };
		8145B83228FB88D300B1DB58 /* BaseUITableViewController.swift in Sources */ = {isa = PBXBuildFile; fileRef = 8145B83128FB88D300B1DB58 /* BaseUITableViewController.swift */; };
		8146D66928F36AD100976BF0 /* RealmHelper.swift in Sources */ = {isa = PBXBuildFile; fileRef = 8146D66828F36AD100976BF0 /* RealmHelper.swift */; };
		815315F2286A55CB0030537D /* Group.swift in Sources */ = {isa = PBXBuildFile; fileRef = 815315F1286A55CB0030537D /* Group.swift */; };
		815315F5286A5A8C0030537D /* FriendsCollectionViewController.swift in Sources */ = {isa = PBXBuildFile; fileRef = 815315F4286A5A8C0030537D /* FriendsCollectionViewController.swift */; };
		815315F7286A5EDA0030537D /* FriendCollectionViewCell.swift in Sources */ = {isa = PBXBuildFile; fileRef = 815315F6286A5EDA0030537D /* FriendCollectionViewCell.swift */; };
		815D5CAB29C7346A00772C9A /* NewsItem.swift in Sources */ = {isa = PBXBuildFile; fileRef = 815D5CAA29C7346A00772C9A /* NewsItem.swift */; };
		815D5CAD29C734D100772C9A /* GroupItem.swift in Sources */ = {isa = PBXBuildFile; fileRef = 815D5CAC29C734D100772C9A /* GroupItem.swift */; };
		815D5CAF29C734E000772C9A /* ProfileItem.swift in Sources */ = {isa = PBXBuildFile; fileRef = 815D5CAE29C734E000772C9A /* ProfileItem.swift */; };
		815D5CB129C734F700772C9A /* UserItem.swift in Sources */ = {isa = PBXBuildFile; fileRef = 815D5CB029C734F700772C9A /* UserItem.swift */; };
		815D5CB329CF3B2500772C9A /* RepostsControl.swift in Sources */ = {isa = PBXBuildFile; fileRef = 815D5CB229CF3B2500772C9A /* RepostsControl.swift */; };
		815D5CB529CF3B3800772C9A /* ViewsControl.swift in Sources */ = {isa = PBXBuildFile; fileRef = 815D5CB429CF3B3800772C9A /* ViewsControl.swift */; };
		816C712A292A699C00977D7D /* vk.news.get.swift in Sources */ = {isa = PBXBuildFile; fileRef = 816C7129292A699C00977D7D /* vk.news.get.swift */; };
		816C712C292A6A0E00977D7D /* vk.owner.get.swift in Sources */ = {isa = PBXBuildFile; fileRef = 816C712B292A6A0E00977D7D /* vk.owner.get.swift */; };
		816C7138292A85C700977D7D /* NewsLikeCommentsV2Cell.swift in Sources */ = {isa = PBXBuildFile; fileRef = 816C712E292A85C600977D7D /* NewsLikeCommentsV2Cell.swift */; };
		816C7139292A85C700977D7D /* NewsPhotoV2CollectionViewCell.swift in Sources */ = {isa = PBXBuildFile; fileRef = 816C712F292A85C600977D7D /* NewsPhotoV2CollectionViewCell.swift */; };
		816C713A292A85C700977D7D /* NewsPhotoV2Cell.swift in Sources */ = {isa = PBXBuildFile; fileRef = 816C7130292A85C600977D7D /* NewsPhotoV2Cell.swift */; };
		816C713B292A85C700977D7D /* LikeNewsV2Controll.swift in Sources */ = {isa = PBXBuildFile; fileRef = 816C7131292A85C600977D7D /* LikeNewsV2Controll.swift */; };
		816C713C292A85C700977D7D /* NewsV2.swift in Sources */ = {isa = PBXBuildFile; fileRef = 816C7132292A85C700977D7D /* NewsV2.swift */; };
		816C713D292A85C700977D7D /* CommentsV2CountControl.swift in Sources */ = {isa = PBXBuildFile; fileRef = 816C7133292A85C700977D7D /* CommentsV2CountControl.swift */; };
		816C713E292A85C700977D7D /* NewsV2ViewController.swift in Sources */ = {isa = PBXBuildFile; fileRef = 816C7134292A85C700977D7D /* NewsV2ViewController.swift */; };
		816C713F292A85C700977D7D /* NewsTextV2Cell.swift in Sources */ = {isa = PBXBuildFile; fileRef = 816C7135292A85C700977D7D /* NewsTextV2Cell.swift */; };
		816C7140292A85C700977D7D /* NewsAuthorV2Cell.swift in Sources */ = {isa = PBXBuildFile; fileRef = 816C7136292A85C700977D7D /* NewsAuthorV2Cell.swift */; };
		816C7141292A85C700977D7D /* DataV2.swift in Sources */ = {isa = PBXBuildFile; fileRef = 816C7137292A85C700977D7D /* DataV2.swift */; };
		81B29E4029B51BBF008F3B11 /* GetDataOperation.swift in Sources */ = {isa = PBXBuildFile; fileRef = 81B29E3F29B51BBF008F3B11 /* GetDataOperation.swift */; };
		81B29E4229B51BE0008F3B11 /* AsyncOperation.swift in Sources */ = {isa = PBXBuildFile; fileRef = 81B29E4129B51BE0008F3B11 /* AsyncOperation.swift */; };
		81B29E4429B51BFB008F3B11 /* DataParseOperation.swift in Sources */ = {isa = PBXBuildFile; fileRef = 81B29E4329B51BFB008F3B11 /* DataParseOperation.swift */; };
		81B29E4629B51C17008F3B11 /* SaveOperation.swift in Sources */ = {isa = PBXBuildFile; fileRef = 81B29E4529B51C17008F3B11 /* SaveOperation.swift */; };
		81B29E4829B51C2F008F3B11 /* FindNewElementsOperation.swift in Sources */ = {isa = PBXBuildFile; fileRef = 81B29E4729B51C2F008F3B11 /* FindNewElementsOperation.swift */; };
		81B29E4A29B51E96008F3B11 /* FindOldRealm.swift in Sources */ = {isa = PBXBuildFile; fileRef = 81B29E4929B51E96008F3B11 /* FindOldRealm.swift */; };
		81B29E4C29B51F68008F3B11 /* FindNewToRealm.swift in Sources */ = {isa = PBXBuildFile; fileRef = 81B29E4B29B51F68008F3B11 /* FindNewToRealm.swift */; };
		81B29E4E29B51F97008F3B11 /* UpdateRealm.swift in Sources */ = {isa = PBXBuildFile; fileRef = 81B29E4D29B51F97008F3B11 /* UpdateRealm.swift */; };
		81B29E5029B534C4008F3B11 /* ReloadTableController.swift in Sources */ = {isa = PBXBuildFile; fileRef = 81B29E4F29B534C4008F3B11 /* ReloadTableController.swift */; };
		81B29E5229C4E1D8008F3B11 /* UIImageView+extension.swift in Sources */ = {isa = PBXBuildFile; fileRef = 81B29E5129C4E1D8008F3B11 /* UIImageView+extension.swift */; };
		81B29E5529C4F6F8008F3B11 /* PhotoService.swift in Sources */ = {isa = PBXBuildFile; fileRef = 81B29E5429C4F6F8008F3B11 /* PhotoService.swift */; };
		81CD93E62899CC2C009BC3B3 /* Session.swift in Sources */ = {isa = PBXBuildFile; fileRef = 81CD93E52899CC2C009BC3B3 /* Session.swift */; };
		81CD93E828A028BE009BC3B3 /* VKApi.swift in Sources */ = {isa = PBXBuildFile; fileRef = 81CD93E728A028BE009BC3B3 /* VKApi.swift */; };
		81CD93EA28A032D9009BC3B3 /* LoginWebViewController.swift in Sources */ = {isa = PBXBuildFile; fileRef = 81CD93E928A032D9009BC3B3 /* LoginWebViewController.swift */; };
		81CD93F028A2EF5C009BC3B3 /* vk.friends.get.swift in Sources */ = {isa = PBXBuildFile; fileRef = 81CD93EF28A2EF5C009BC3B3 /* vk.friends.get.swift */; };
		81CD93F228A2FE35009BC3B3 /* vk.users.get.swift in Sources */ = {isa = PBXBuildFile; fileRef = 81CD93F128A2FE35009BC3B3 /* vk.users.get.swift */; };
		81CD93F528A4422D009BC3B3 /* vk.photos.get.swift in Sources */ = {isa = PBXBuildFile; fileRef = 81CD93F428A4422D009BC3B3 /* vk.photos.get.swift */; };
		81CD93F728A4605D009BC3B3 /* vk.group.get.swift in Sources */ = {isa = PBXBuildFile; fileRef = 81CD93F628A4605D009BC3B3 /* vk.group.get.swift */; };
		81DE030E286275FB009C1856 /* UiViewController+extension.swift in Sources */ = {isa = PBXBuildFile; fileRef = 81DE030D286275FB009C1856 /* UiViewController+extension.swift */; };
		81DE03162868A755009C1856 /* FriendsViewController.swift in Sources */ = {isa = PBXBuildFile; fileRef = 81DE03152868A755009C1856 /* FriendsViewController.swift */; };
		81DE03182868A811009C1856 /* GroupsTableViewController.swift in Sources */ = {isa = PBXBuildFile; fileRef = 81DE03172868A811009C1856 /* GroupsTableViewController.swift */; };
		81DE031A2868AD0F009C1856 /* FriendCell.swift in Sources */ = {isa = PBXBuildFile; fileRef = 81DE03192868AD0F009C1856 /* FriendCell.swift */; };
		81DE031C2868B31F009C1856 /* Friend.swift in Sources */ = {isa = PBXBuildFile; fileRef = 81DE031B2868B31F009C1856 /* Friend.swift */; };
		81ED6321287637B300B81225 /* FriendXIBTableViewCell.swift in Sources */ = {isa = PBXBuildFile; fileRef = 81ED631F287637B300B81225 /* FriendXIBTableViewCell.swift */; };
		81ED6322287637B300B81225 /* FriendXIBTableViewCell.xib in Resources */ = {isa = PBXBuildFile; fileRef = 81ED6320287637B300B81225 /* FriendXIBTableViewCell.xib */; };
		81ED63262876442D00B81225 /* GroupXIBTableViewCell.swift in Sources */ = {isa = PBXBuildFile; fileRef = 81ED63242876442D00B81225 /* GroupXIBTableViewCell.swift */; };
		81ED63272876442D00B81225 /* GroupXIBTableViewCell.xib in Resources */ = {isa = PBXBuildFile; fileRef = 81ED63252876442D00B81225 /* GroupXIBTableViewCell.xib */; };
		F6194C15968211C5CD4F0D47 /* Pods_vk_KukobaAlexander.framework in Frameworks */ = {isa = PBXBuildFile; fileRef = 8594E57398E0A748E52E0042 /* Pods_vk_KukobaAlexander.framework */; };
/* End PBXBuildFile section */

/* Begin PBXFileReference section */
		39900E79198E96E201235836 /* Pods-vk_KukobaAlexander.debug.xcconfig */ = {isa = PBXFileReference; includeInIndex = 1; lastKnownFileType = text.xcconfig; name = "Pods-vk_KukobaAlexander.debug.xcconfig"; path = "Target Support Files/Pods-vk_KukobaAlexander/Pods-vk_KukobaAlexander.debug.xcconfig"; sourceTree = "<group>"; };
		8107E484288768EA00891999 /* TabBarViewController.swift */ = {isa = PBXFileReference; lastKnownFileType = sourcecode.swift; path = TabBarViewController.swift; sourceTree = "<group>"; };
		8107E4862889E71600891999 /* CustomNavigationController.swift */ = {isa = PBXFileReference; fileEncoding = 4; lastKnownFileType = sourcecode.swift; path = CustomNavigationController.swift; sourceTree = "<group>"; };
		8107E4882889E75C00891999 /* CustomPushAnimator.swift */ = {isa = PBXFileReference; fileEncoding = 4; lastKnownFileType = sourcecode.swift; path = CustomPushAnimator.swift; sourceTree = "<group>"; };
		8107E4892889E75C00891999 /* CustomPopAnimator.swift */ = {isa = PBXFileReference; fileEncoding = 4; lastKnownFileType = sourcecode.swift; path = CustomPopAnimator.swift; sourceTree = "<group>"; };
		8107E48A2889E75C00891999 /* CustomInteractiveTransition.swift */ = {isa = PBXFileReference; fileEncoding = 4; lastKnownFileType = sourcecode.swift; path = CustomInteractiveTransition.swift; sourceTree = "<group>"; };
		8107E48E28932B2A00891999 /* Utilities.swift */ = {isa = PBXFileReference; lastKnownFileType = sourcecode.swift; path = Utilities.swift; sourceTree = "<group>"; };
		8107E491289337C200891999 /* ViewNewsCounter.swift */ = {isa = PBXFileReference; fileEncoding = 4; lastKnownFileType = sourcecode.swift; path = ViewNewsCounter.swift; sourceTree = "<group>"; };
		8107E492289337C200891999 /* CommentNewsControl.swift */ = {isa = PBXFileReference; fileEncoding = 4; lastKnownFileType = sourcecode.swift; path = CommentNewsControl.swift; sourceTree = "<group>"; };
		8107E493289337C200891999 /* LikeNewsControl.swift */ = {isa = PBXFileReference; fileEncoding = 4; lastKnownFileType = sourcecode.swift; path = LikeNewsControl.swift; sourceTree = "<group>"; };
		8107E494289337C200891999 /* ShareNewsControl.swift */ = {isa = PBXFileReference; fileEncoding = 4; lastKnownFileType = sourcecode.swift; path = ShareNewsControl.swift; sourceTree = "<group>"; };
		8107E49928933A9200891999 /* NewsItemViewController.swift */ = {isa = PBXFileReference; lastKnownFileType = sourcecode.swift; path = NewsItemViewController.swift; sourceTree = "<group>"; };
		811697BF2878FB8C00CE1765 /* News.swift */ = {isa = PBXFileReference; lastKnownFileType = sourcecode.swift; path = News.swift; sourceTree = "<group>"; };
		811697C12878FF8300CE1765 /* LoginViewController.swift */ = {isa = PBXFileReference; lastKnownFileType = sourcecode.swift; path = LoginViewController.swift; sourceTree = "<group>"; };
		811697C32879005300CE1765 /* NewsViewController.swift */ = {isa = PBXFileReference; lastKnownFileType = sourcecode.swift; path = NewsViewController.swift; sourceTree = "<group>"; };
		811697C62879079300CE1765 /* NewsXIBTableViewCell.swift */ = {isa = PBXFileReference; lastKnownFileType = sourcecode.swift; path = NewsXIBTableViewCell.swift; sourceTree = "<group>"; };
		811697C72879079300CE1765 /* NewsXIBTableViewCell.xib */ = {isa = PBXFileReference; lastKnownFileType = file.xib; path = NewsXIBTableViewCell.xib; sourceTree = "<group>"; };
		811697CB287F7C3500CE1765 /* FriendsPhotoGalleryController.swift */ = {isa = PBXFileReference; lastKnownFileType = sourcecode.swift; path = FriendsPhotoGalleryController.swift; sourceTree = "<group>"; };
		811697CD288035B700CE1765 /* PhotoCollectionViewCell.swift */ = {isa = PBXFileReference; lastKnownFileType = sourcecode.swift; path = PhotoCollectionViewCell.swift; sourceTree = "<group>"; };
		811697CE288035B700CE1765 /* PhotoCollectionViewCell.xib */ = {isa = PBXFileReference; lastKnownFileType = file.xib; path = PhotoCollectionViewCell.xib; sourceTree = "<group>"; };
		811697D92880DBED00CE1765 /* SJCenterFlowLayout.swift */ = {isa = PBXFileReference; lastKnownFileType = sourcecode.swift; path = SJCenterFlowLayout.swift; sourceTree = "<group>"; };
		811697E62887342C00CE1765 /* CustomMainNavigationController.swift */ = {isa = PBXFileReference; fileEncoding = 4; lastKnownFileType = sourcecode.swift; path = CustomMainNavigationController.swift; sourceTree = "<group>"; };
		811697E72887342C00CE1765 /* CustomMainPush+PopAnimators.swift */ = {isa = PBXFileReference; fileEncoding = 4; lastKnownFileType = sourcecode.swift; path = "CustomMainPush+PopAnimators.swift"; sourceTree = "<group>"; };
		811697E82887342C00CE1765 /* CustomSegue.swift */ = {isa = PBXFileReference; fileEncoding = 4; lastKnownFileType = sourcecode.swift; path = CustomSegue.swift; sourceTree = "<group>"; };
		811697E92887342C00CE1765 /* Animator.swift */ = {isa = PBXFileReference; fileEncoding = 4; lastKnownFileType = sourcecode.swift; path = Animator.swift; sourceTree = "<group>"; };
		8116C4F0285A788300ECB796 /* vk_KukobaAlexander.app */ = {isa = PBXFileReference; explicitFileType = wrapper.application; includeInIndex = 0; path = vk_KukobaAlexander.app; sourceTree = BUILT_PRODUCTS_DIR; };
		8116C4F3285A788300ECB796 /* AppDelegate.swift */ = {isa = PBXFileReference; lastKnownFileType = sourcecode.swift; path = AppDelegate.swift; sourceTree = "<group>"; };
		8116C4F5285A788300ECB796 /* SceneDelegate.swift */ = {isa = PBXFileReference; lastKnownFileType = sourcecode.swift; path = SceneDelegate.swift; sourceTree = "<group>"; };
		8116C4FA285A788300ECB796 /* Base */ = {isa = PBXFileReference; lastKnownFileType = file.storyboard; name = Base; path = Base.lproj/Main.storyboard; sourceTree = "<group>"; };
		8116C4FC285A788500ECB796 /* Assets.xcassets */ = {isa = PBXFileReference; lastKnownFileType = folder.assetcatalog; path = Assets.xcassets; sourceTree = "<group>"; };
		8116C4FF285A788500ECB796 /* Base */ = {isa = PBXFileReference; lastKnownFileType = file.storyboard; name = Base; path = Base.lproj/LaunchScreen.storyboard; sourceTree = "<group>"; };
		8116C501285A788500ECB796 /* Info.plist */ = {isa = PBXFileReference; lastKnownFileType = text.plist.xml; path = Info.plist; sourceTree = "<group>"; };
		8117C061286B792A00649B1E /* GroupsViewController.swift */ = {isa = PBXFileReference; lastKnownFileType = sourcecode.swift; path = GroupsViewController.swift; sourceTree = "<group>"; };
		8117C063286B7D6000649B1E /* GroupCell.swift */ = {isa = PBXFileReference; lastKnownFileType = sourcecode.swift; path = GroupCell.swift; sourceTree = "<group>"; };
		8117C065286CDC0400649B1E /* AvatarUIView.swift */ = {isa = PBXFileReference; lastKnownFileType = sourcecode.swift; path = AvatarUIView.swift; sourceTree = "<group>"; };
		8117C067286CEA6500649B1E /* LikeControl.swift */ = {isa = PBXFileReference; lastKnownFileType = sourcecode.swift; path = LikeControl.swift; sourceTree = "<group>"; };
		8117C06B286CF50F00649B1E /* UIView + IBInspectable extension.swift */ = {isa = PBXFileReference; lastKnownFileType = sourcecode.swift; path = "UIView + IBInspectable extension.swift"; sourceTree = "<group>"; };
		8117C06F28731E9300649B1E /* LoginUIView.swift */ = {isa = PBXFileReference; lastKnownFileType = sourcecode.swift; name = LoginUIView.swift; path = vk_KukobaAlexander/LoginUIView.swift; sourceTree = SOURCE_ROOT; };
		8145B82628FB64D300B1DB58 /* LoadingViewController.swift */ = {isa = PBXFileReference; fileEncoding = 4; lastKnownFileType = sourcecode.swift; path = LoadingViewController.swift; sourceTree = "<group>"; };
		8145B82728FB64D300B1DB58 /* LoadingViewController.xib */ = {isa = PBXFileReference; fileEncoding = 4; lastKnownFileType = file.xib; path = LoadingViewController.xib; sourceTree = "<group>"; };
		8145B82B28FB691700B1DB58 /* BaseUIViewController.swift */ = {isa = PBXFileReference; fileEncoding = 4; lastKnownFileType = sourcecode.swift; path = BaseUIViewController.swift; sourceTree = "<group>"; };
		8145B82D28FB6E2A00B1DB58 /* BaseUICollectionViewController.swift */ = {isa = PBXFileReference; lastKnownFileType = sourcecode.swift; path = BaseUICollectionViewController.swift; sourceTree = "<group>"; };
		8145B82F28FB807B00B1DB58 /* LoadingProtocol.swift */ = {isa = PBXFileReference; lastKnownFileType = sourcecode.swift; path = LoadingProtocol.swift; sourceTree = "<group>"; };
		8145B83128FB88D300B1DB58 /* BaseUITableViewController.swift */ = {isa = PBXFileReference; lastKnownFileType = sourcecode.swift; path = BaseUITableViewController.swift; sourceTree = "<group>"; };
		8146D66828F36AD100976BF0 /* RealmHelper.swift */ = {isa = PBXFileReference; lastKnownFileType = sourcecode.swift; path = RealmHelper.swift; sourceTree = "<group>"; };
		815315F1286A55CB0030537D /* Group.swift */ = {isa = PBXFileReference; lastKnownFileType = sourcecode.swift; path = Group.swift; sourceTree = "<group>"; };
		815315F4286A5A8C0030537D /* FriendsCollectionViewController.swift */ = {isa = PBXFileReference; lastKnownFileType = sourcecode.swift; path = FriendsCollectionViewController.swift; sourceTree = "<group>"; };
		815315F6286A5EDA0030537D /* FriendCollectionViewCell.swift */ = {isa = PBXFileReference; lastKnownFileType = sourcecode.swift; path = FriendCollectionViewCell.swift; sourceTree = "<group>"; };
		815D5CAA29C7346A00772C9A /* NewsItem.swift */ = {isa = PBXFileReference; lastKnownFileType = sourcecode.swift; path = NewsItem.swift; sourceTree = "<group>"; };
		815D5CAC29C734D100772C9A /* GroupItem.swift */ = {isa = PBXFileReference; lastKnownFileType = sourcecode.swift; path = GroupItem.swift; sourceTree = "<group>"; };
		815D5CAE29C734E000772C9A /* ProfileItem.swift */ = {isa = PBXFileReference; lastKnownFileType = sourcecode.swift; path = ProfileItem.swift; sourceTree = "<group>"; };
		815D5CB029C734F700772C9A /* UserItem.swift */ = {isa = PBXFileReference; lastKnownFileType = sourcecode.swift; path = UserItem.swift; sourceTree = "<group>"; };
		815D5CB229CF3B2500772C9A /* RepostsControl.swift */ = {isa = PBXFileReference; lastKnownFileType = sourcecode.swift; path = RepostsControl.swift; sourceTree = "<group>"; };
		815D5CB429CF3B3800772C9A /* ViewsControl.swift */ = {isa = PBXFileReference; lastKnownFileType = sourcecode.swift; path = ViewsControl.swift; sourceTree = "<group>"; };
		816C7129292A699C00977D7D /* vk.news.get.swift */ = {isa = PBXFileReference; lastKnownFileType = sourcecode.swift; path = vk.news.get.swift; sourceTree = "<group>"; };
		816C712B292A6A0E00977D7D /* vk.owner.get.swift */ = {isa = PBXFileReference; lastKnownFileType = sourcecode.swift; path = vk.owner.get.swift; sourceTree = "<group>"; };
		816C712E292A85C600977D7D /* NewsLikeCommentsV2Cell.swift */ = {isa = PBXFileReference; fileEncoding = 4; lastKnownFileType = sourcecode.swift; path = NewsLikeCommentsV2Cell.swift; sourceTree = "<group>"; };
		816C712F292A85C600977D7D /* NewsPhotoV2CollectionViewCell.swift */ = {isa = PBXFileReference; fileEncoding = 4; lastKnownFileType = sourcecode.swift; path = NewsPhotoV2CollectionViewCell.swift; sourceTree = "<group>"; };
		816C7130292A85C600977D7D /* NewsPhotoV2Cell.swift */ = {isa = PBXFileReference; fileEncoding = 4; lastKnownFileType = sourcecode.swift; path = NewsPhotoV2Cell.swift; sourceTree = "<group>"; };
		816C7131292A85C600977D7D /* LikeNewsV2Controll.swift */ = {isa = PBXFileReference; fileEncoding = 4; lastKnownFileType = sourcecode.swift; path = LikeNewsV2Controll.swift; sourceTree = "<group>"; };
		816C7132292A85C700977D7D /* NewsV2.swift */ = {isa = PBXFileReference; fileEncoding = 4; lastKnownFileType = sourcecode.swift; path = NewsV2.swift; sourceTree = "<group>"; };
		816C7133292A85C700977D7D /* CommentsV2CountControl.swift */ = {isa = PBXFileReference; fileEncoding = 4; lastKnownFileType = sourcecode.swift; path = CommentsV2CountControl.swift; sourceTree = "<group>"; };
		816C7134292A85C700977D7D /* NewsV2ViewController.swift */ = {isa = PBXFileReference; fileEncoding = 4; lastKnownFileType = sourcecode.swift; path = NewsV2ViewController.swift; sourceTree = "<group>"; };
		816C7135292A85C700977D7D /* NewsTextV2Cell.swift */ = {isa = PBXFileReference; fileEncoding = 4; lastKnownFileType = sourcecode.swift; path = NewsTextV2Cell.swift; sourceTree = "<group>"; };
		816C7136292A85C700977D7D /* NewsAuthorV2Cell.swift */ = {isa = PBXFileReference; fileEncoding = 4; lastKnownFileType = sourcecode.swift; path = NewsAuthorV2Cell.swift; sourceTree = "<group>"; };
		816C7137292A85C700977D7D /* DataV2.swift */ = {isa = PBXFileReference; fileEncoding = 4; lastKnownFileType = sourcecode.swift; path = DataV2.swift; sourceTree = "<group>"; };
		81B29E3F29B51BBF008F3B11 /* GetDataOperation.swift */ = {isa = PBXFileReference; lastKnownFileType = sourcecode.swift; path = GetDataOperation.swift; sourceTree = "<group>"; };
		81B29E4129B51BE0008F3B11 /* AsyncOperation.swift */ = {isa = PBXFileReference; lastKnownFileType = sourcecode.swift; path = AsyncOperation.swift; sourceTree = "<group>"; };
		81B29E4329B51BFB008F3B11 /* DataParseOperation.swift */ = {isa = PBXFileReference; lastKnownFileType = sourcecode.swift; path = DataParseOperation.swift; sourceTree = "<group>"; };
		81B29E4529B51C17008F3B11 /* SaveOperation.swift */ = {isa = PBXFileReference; lastKnownFileType = sourcecode.swift; path = SaveOperation.swift; sourceTree = "<group>"; };
		81B29E4729B51C2F008F3B11 /* FindNewElementsOperation.swift */ = {isa = PBXFileReference; lastKnownFileType = sourcecode.swift; path = FindNewElementsOperation.swift; sourceTree = "<group>"; };
		81B29E4929B51E96008F3B11 /* FindOldRealm.swift */ = {isa = PBXFileReference; lastKnownFileType = sourcecode.swift; path = FindOldRealm.swift; sourceTree = "<group>"; };
		81B29E4B29B51F68008F3B11 /* FindNewToRealm.swift */ = {isa = PBXFileReference; lastKnownFileType = sourcecode.swift; path = FindNewToRealm.swift; sourceTree = "<group>"; };
		81B29E4D29B51F97008F3B11 /* UpdateRealm.swift */ = {isa = PBXFileReference; lastKnownFileType = sourcecode.swift; path = UpdateRealm.swift; sourceTree = "<group>"; };
		81B29E4F29B534C4008F3B11 /* ReloadTableController.swift */ = {isa = PBXFileReference; lastKnownFileType = sourcecode.swift; path = ReloadTableController.swift; sourceTree = "<group>"; };
		81B29E5129C4E1D8008F3B11 /* UIImageView+extension.swift */ = {isa = PBXFileReference; lastKnownFileType = sourcecode.swift; path = "UIImageView+extension.swift"; sourceTree = "<group>"; };
		81B29E5429C4F6F8008F3B11 /* PhotoService.swift */ = {isa = PBXFileReference; lastKnownFileType = sourcecode.swift; path = PhotoService.swift; sourceTree = "<group>"; };
		81CD93E52899CC2C009BC3B3 /* Session.swift */ = {isa = PBXFileReference; lastKnownFileType = sourcecode.swift; path = Session.swift; sourceTree = "<group>"; };
		81CD93E728A028BE009BC3B3 /* VKApi.swift */ = {isa = PBXFileReference; lastKnownFileType = sourcecode.swift; path = VKApi.swift; sourceTree = "<group>"; };
		81CD93E928A032D9009BC3B3 /* LoginWebViewController.swift */ = {isa = PBXFileReference; lastKnownFileType = sourcecode.swift; path = LoginWebViewController.swift; sourceTree = "<group>"; };
		81CD93EF28A2EF5C009BC3B3 /* vk.friends.get.swift */ = {isa = PBXFileReference; lastKnownFileType = sourcecode.swift; path = vk.friends.get.swift; sourceTree = "<group>"; };
		81CD93F128A2FE35009BC3B3 /* vk.users.get.swift */ = {isa = PBXFileReference; lastKnownFileType = sourcecode.swift; path = vk.users.get.swift; sourceTree = "<group>"; };
		81CD93F428A4422D009BC3B3 /* vk.photos.get.swift */ = {isa = PBXFileReference; lastKnownFileType = sourcecode.swift; path = vk.photos.get.swift; sourceTree = "<group>"; };
		81CD93F628A4605D009BC3B3 /* vk.group.get.swift */ = {isa = PBXFileReference; lastKnownFileType = sourcecode.swift; path = vk.group.get.swift; sourceTree = "<group>"; };
		81DE030D286275FB009C1856 /* UiViewController+extension.swift */ = {isa = PBXFileReference; lastKnownFileType = sourcecode.swift; path = "UiViewController+extension.swift"; sourceTree = "<group>"; };
		81DE03152868A755009C1856 /* FriendsViewController.swift */ = {isa = PBXFileReference; lastKnownFileType = sourcecode.swift; path = FriendsViewController.swift; sourceTree = "<group>"; };
		81DE03172868A811009C1856 /* GroupsTableViewController.swift */ = {isa = PBXFileReference; lastKnownFileType = sourcecode.swift; path = GroupsTableViewController.swift; sourceTree = "<group>"; };
		81DE03192868AD0F009C1856 /* FriendCell.swift */ = {isa = PBXFileReference; lastKnownFileType = sourcecode.swift; path = FriendCell.swift; sourceTree = "<group>"; };
		81DE031B2868B31F009C1856 /* Friend.swift */ = {isa = PBXFileReference; lastKnownFileType = sourcecode.swift; path = Friend.swift; sourceTree = "<group>"; };
		81ED631F287637B300B81225 /* FriendXIBTableViewCell.swift */ = {isa = PBXFileReference; lastKnownFileType = sourcecode.swift; path = FriendXIBTableViewCell.swift; sourceTree = "<group>"; };
		81ED6320287637B300B81225 /* FriendXIBTableViewCell.xib */ = {isa = PBXFileReference; lastKnownFileType = file.xib; path = FriendXIBTableViewCell.xib; sourceTree = "<group>"; };
		81ED63242876442D00B81225 /* GroupXIBTableViewCell.swift */ = {isa = PBXFileReference; lastKnownFileType = sourcecode.swift; path = GroupXIBTableViewCell.swift; sourceTree = "<group>"; };
		81ED63252876442D00B81225 /* GroupXIBTableViewCell.xib */ = {isa = PBXFileReference; lastKnownFileType = file.xib; path = GroupXIBTableViewCell.xib; sourceTree = "<group>"; };
		8594E57398E0A748E52E0042 /* Pods_vk_KukobaAlexander.framework */ = {isa = PBXFileReference; explicitFileType = wrapper.framework; includeInIndex = 0; path = Pods_vk_KukobaAlexander.framework; sourceTree = BUILT_PRODUCTS_DIR; };
		D1CFA694DB61AD2E9603ADDE /* Pods-vk_KukobaAlexander.release.xcconfig */ = {isa = PBXFileReference; includeInIndex = 1; lastKnownFileType = text.xcconfig; name = "Pods-vk_KukobaAlexander.release.xcconfig"; path = "Target Support Files/Pods-vk_KukobaAlexander/Pods-vk_KukobaAlexander.release.xcconfig"; sourceTree = "<group>"; };
/* End PBXFileReference section */

/* Begin PBXFrameworksBuildPhase section */
		8116C4ED285A788300ECB796 /* Frameworks */ = {
			isa = PBXFrameworksBuildPhase;
			buildActionMask = 2147483647;
			files = (
				F6194C15968211C5CD4F0D47 /* Pods_vk_KukobaAlexander.framework in Frameworks */,
			);
			runOnlyForDeploymentPostprocessing = 0;
		};
/* End PBXFrameworksBuildPhase section */

/* Begin PBXGroup section */
		8107E490289337AB00891999 /* Controls */ = {
			isa = PBXGroup;
			children = (
				8107E492289337C200891999 /* CommentNewsControl.swift */,
				8107E493289337C200891999 /* LikeNewsControl.swift */,
				8107E494289337C200891999 /* ShareNewsControl.swift */,
				8107E491289337C200891999 /* ViewNewsCounter.swift */,
			);
			path = Controls;
			sourceTree = "<group>";
		};
		811697C52879007800CE1765 /* News */ = {
			isa = PBXGroup;
			children = (
				8107E490289337AB00891999 /* Controls */,
				811697C32879005300CE1765 /* NewsViewController.swift */,
				8107E49928933A9200891999 /* NewsItemViewController.swift */,
				811697CA2879079D00CE1765 /* NewsXIB */,
			);
			path = News;
			sourceTree = "<group>";
		};
		811697CA2879079D00CE1765 /* NewsXIB */ = {
			isa = PBXGroup;
			children = (
				811697C62879079300CE1765 /* NewsXIBTableViewCell.swift */,
				811697C72879079300CE1765 /* NewsXIBTableViewCell.xib */,
			);
			path = NewsXIB;
			sourceTree = "<group>";
		};
		811697D1288035BE00CE1765 /* FriendPhotoCell */ = {
			isa = PBXGroup;
			children = (
				811697CD288035B700CE1765 /* PhotoCollectionViewCell.swift */,
				811697CE288035B700CE1765 /* PhotoCollectionViewCell.xib */,
			);
			path = FriendPhotoCell;
			sourceTree = "<group>";
		};
		811697D22880DAC100CE1765 /* PhotoGallery */ = {
			isa = PBXGroup;
			children = (
				811697CB287F7C3500CE1765 /* FriendsPhotoGalleryController.swift */,
				811697D1288035BE00CE1765 /* FriendPhotoCell */,
			);
			path = PhotoGallery;
			sourceTree = "<group>";
		};
		811697DB2880DD0500CE1765 /* Helpers */ = {
			isa = PBXGroup;
			children = (
				811697E92887342C00CE1765 /* Animator.swift */,
				811697E62887342C00CE1765 /* CustomMainNavigationController.swift */,
				811697E72887342C00CE1765 /* CustomMainPush+PopAnimators.swift */,
				811697E82887342C00CE1765 /* CustomSegue.swift */,
				8107E4862889E71600891999 /* CustomNavigationController.swift */,
				8107E48A2889E75C00891999 /* CustomInteractiveTransition.swift */,
				8107E4892889E75C00891999 /* CustomPopAnimator.swift */,
				8107E4882889E75C00891999 /* CustomPushAnimator.swift */,
				811697D92880DBED00CE1765 /* SJCenterFlowLayout.swift */,
				8107E48E28932B2A00891999 /* Utilities.swift */,
				8146D66828F36AD100976BF0 /* RealmHelper.swift */,
				8145B82F28FB807B00B1DB58 /* LoadingProtocol.swift */,
			);
			path = Helpers;
			sourceTree = "<group>";
		};
		8116C4E7285A788300ECB796 = {
			isa = PBXGroup;
			children = (
				8116C4F2285A788300ECB796 /* vk_KukobaAlexander */,
				8116C4F1285A788300ECB796 /* Products */,
				E511C95DA5FA08C45C584CFB /* Pods */,
				A3193567E7BC3A248DFCE735 /* Frameworks */,
			);
			sourceTree = "<group>";
		};
		8116C4F1285A788300ECB796 /* Products */ = {
			isa = PBXGroup;
			children = (
				8116C4F0285A788300ECB796 /* vk_KukobaAlexander.app */,
			);
			name = Products;
			sourceTree = "<group>";
		};
		8116C4F2285A788300ECB796 /* vk_KukobaAlexander */ = {
			isa = PBXGroup;
			children = (
				81B29E3E29B51957008F3B11 /* Operation */,
				816C7143292A867900977D7D /* API */,
				8117C07128731EAB00649B1E /* View */,
				81DE031D2868D2AE009C1856 /* Model */,
				8179784A286A54FB00D14B27 /* Controller */,
				8179784C286A551100D14B27 /* Extension */,
				811697DB2880DD0500CE1765 /* Helpers */,
				815315F3286A56730030537D /* Resourse */,
				8116C4F5285A788300ECB796 /* SceneDelegate.swift */,
				8116C4F3285A788300ECB796 /* AppDelegate.swift */,
				8116C501285A788500ECB796 /* Info.plist */,
			);
			path = vk_KukobaAlexander;
			sourceTree = "<group>";
		};
		8117C05F286B707300649B1E /* Groups */ = {
			isa = PBXGroup;
			children = (
				81DE03172868A811009C1856 /* GroupsTableViewController.swift */,
				8117C061286B792A00649B1E /* GroupsViewController.swift */,
				8117C063286B7D6000649B1E /* GroupCell.swift */,
				81ED63282876443900B81225 /* GroupXIB */,
			);
			path = Groups;
			sourceTree = "<group>";
		};
		8117C07128731EAB00649B1E /* View */ = {
			isa = PBXGroup;
			children = (
				8117C06F28731E9300649B1E /* LoginUIView.swift */,
			);
			name = View;
			sourceTree = "<group>";
		};
		8145B82A28FB64DF00B1DB58 /* Loading */ = {
			isa = PBXGroup;
			children = (
				8145B82628FB64D300B1DB58 /* LoadingViewController.swift */,
				8145B82728FB64D300B1DB58 /* LoadingViewController.xib */,
			);
			path = Loading;
			sourceTree = "<group>";
		};
		815315F3286A56730030537D /* Resourse */ = {
			isa = PBXGroup;
			children = (
				8116C4FC285A788500ECB796 /* Assets.xcassets */,
				8116C4F9285A788300ECB796 /* Main.storyboard */,
				8116C4FE285A788500ECB796 /* LaunchScreen.storyboard */,
			);
			path = Resourse;
			sourceTree = "<group>";
		};
		815315F8286A5EE50030537D /* Friends */ = {
			isa = PBXGroup;
			children = (
				815315F9286A605A0030537D /* TableView */,
				815315FA286A60690030537D /* CollectionView */,
				811697D22880DAC100CE1765 /* PhotoGallery */,
			);
			path = Friends;
			sourceTree = "<group>";
		};
		815315F9286A605A0030537D /* TableView */ = {
			isa = PBXGroup;
			children = (
				8117C065286CDC0400649B1E /* AvatarUIView.swift */,
				81DE03152868A755009C1856 /* FriendsViewController.swift */,
				81DE03192868AD0F009C1856 /* FriendCell.swift */,
				81ED6323287637C800B81225 /* FriendXIB */,
				8117C067286CEA6500649B1E /* LikeControl.swift */,
			);
			path = TableView;
			sourceTree = "<group>";
		};
		815315FA286A60690030537D /* CollectionView */ = {
			isa = PBXGroup;
			children = (
				815315F4286A5A8C0030537D /* FriendsCollectionViewController.swift */,
				815315F6286A5EDA0030537D /* FriendCollectionViewCell.swift */,
			);
			path = CollectionView;
			sourceTree = "<group>";
		};
		816C712D292A85AD00977D7D /* NewsV2 */ = {
			isa = PBXGroup;
			children = (
				816C7145292A86A500977D7D /* Controller */,
				816C7144292A869300977D7D /* View */,
				816C7142292A866B00977D7D /* Model */,
			);
			path = NewsV2;
			sourceTree = "<group>";
		};
		816C7142292A866B00977D7D /* Model */ = {
			isa = PBXGroup;
			children = (
				816C7132292A85C700977D7D /* NewsV2.swift */,
			);
			path = Model;
			sourceTree = "<group>";
		};
		816C7143292A867900977D7D /* API */ = {
			isa = PBXGroup;
			children = (
				81CD93E728A028BE009BC3B3 /* VKApi.swift */,
				816C7137292A85C700977D7D /* DataV2.swift */,
			);
			path = API;
			sourceTree = "<group>";
		};
		816C7144292A869300977D7D /* View */ = {
			isa = PBXGroup;
			children = (
				816C7133292A85C700977D7D /* CommentsV2CountControl.swift */,
				816C7131292A85C600977D7D /* LikeNewsV2Controll.swift */,
				816C7136292A85C700977D7D /* NewsAuthorV2Cell.swift */,
				816C712E292A85C600977D7D /* NewsLikeCommentsV2Cell.swift */,
				816C712F292A85C600977D7D /* NewsPhotoV2CollectionViewCell.swift */,
				816C7130292A85C600977D7D /* NewsPhotoV2Cell.swift */,
				816C7135292A85C700977D7D /* NewsTextV2Cell.swift */,
				815D5CB229CF3B2500772C9A /* RepostsControl.swift */,
				815D5CB429CF3B3800772C9A /* ViewsControl.swift */,
			);
			path = View;
			sourceTree = "<group>";
		};
		816C7145292A86A500977D7D /* Controller */ = {
			isa = PBXGroup;
			children = (
				816C7134292A85C700977D7D /* NewsV2ViewController.swift */,
			);
			path = Controller;
			sourceTree = "<group>";
		};
		8179784A286A54FB00D14B27 /* Controller */ = {
			isa = PBXGroup;
			children = (
				81B29E5329C4F6E4008F3B11 /* PhotoService */,
				8145B83128FB88D300B1DB58 /* BaseUITableViewController.swift */,
				8145B82B28FB691700B1DB58 /* BaseUIViewController.swift */,
				8145B82D28FB6E2A00B1DB58 /* BaseUICollectionViewController.swift */,
				811697C12878FF8300CE1765 /* LoginViewController.swift */,
				8107E484288768EA00891999 /* TabBarViewController.swift */,
				81CD93E928A032D9009BC3B3 /* LoginWebViewController.swift */,
				8145B82A28FB64DF00B1DB58 /* Loading */,
				8117C05F286B707300649B1E /* Groups */,
				815315F8286A5EE50030537D /* Friends */,
				811697C52879007800CE1765 /* News */,
				816C712D292A85AD00977D7D /* NewsV2 */,
			);
			path = Controller;
			sourceTree = "<group>";
		};
		8179784C286A551100D14B27 /* Extension */ = {
			isa = PBXGroup;
			children = (
				81DE030D286275FB009C1856 /* UiViewController+extension.swift */,
				8117C06B286CF50F00649B1E /* UIView + IBInspectable extension.swift */,
				81B29E5129C4E1D8008F3B11 /* UIImageView+extension.swift */,
			);
			path = Extension;
			sourceTree = "<group>";
		};
		81B29E3E29B51957008F3B11 /* Operation */ = {
			isa = PBXGroup;
			children = (
				81B29E3F29B51BBF008F3B11 /* GetDataOperation.swift */,
				81B29E4129B51BE0008F3B11 /* AsyncOperation.swift */,
				81B29E4329B51BFB008F3B11 /* DataParseOperation.swift */,
				81B29E4529B51C17008F3B11 /* SaveOperation.swift */,
				81B29E4729B51C2F008F3B11 /* FindNewElementsOperation.swift */,
				81B29E4929B51E96008F3B11 /* FindOldRealm.swift */,
				81B29E4B29B51F68008F3B11 /* FindNewToRealm.swift */,
				81B29E4D29B51F97008F3B11 /* UpdateRealm.swift */,
				81B29E4F29B534C4008F3B11 /* ReloadTableController.swift */,
			);
			path = Operation;
			sourceTree = "<group>";
		};
		81B29E5329C4F6E4008F3B11 /* PhotoService */ = {
			isa = PBXGroup;
			children = (
				81B29E5429C4F6F8008F3B11 /* PhotoService.swift */,
			);
			path = PhotoService;
			sourceTree = "<group>";
		};
		81CD93F328A43B25009BC3B3 /* VKModel */ = {
			isa = PBXGroup;
			children = (
				816C712B292A6A0E00977D7D /* vk.owner.get.swift */,
				81CD93EF28A2EF5C009BC3B3 /* vk.friends.get.swift */,
				81CD93F128A2FE35009BC3B3 /* vk.users.get.swift */,
				81CD93F428A4422D009BC3B3 /* vk.photos.get.swift */,
				81CD93F628A4605D009BC3B3 /* vk.group.get.swift */,
				816C7129292A699C00977D7D /* vk.news.get.swift */,
			);
			path = VKModel;
			sourceTree = "<group>";
		};
		81DE031D2868D2AE009C1856 /* Model */ = {
			isa = PBXGroup;
			children = (
				81DE031B2868B31F009C1856 /* Friend.swift */,
				815315F1286A55CB0030537D /* Group.swift */,
				811697BF2878FB8C00CE1765 /* News.swift */,
				81CD93E52899CC2C009BC3B3 /* Session.swift */,
				815D5CB029C734F700772C9A /* UserItem.swift */,
				815D5CAA29C7346A00772C9A /* NewsItem.swift */,
				815D5CAC29C734D100772C9A /* GroupItem.swift */,
				815D5CAE29C734E000772C9A /* ProfileItem.swift */,
				81CD93F328A43B25009BC3B3 /* VKModel */,
			);
			path = Model;
			sourceTree = "<group>";
		};
		81ED6323287637C800B81225 /* FriendXIB */ = {
			isa = PBXGroup;
			children = (
				81ED631F287637B300B81225 /* FriendXIBTableViewCell.swift */,
				81ED6320287637B300B81225 /* FriendXIBTableViewCell.xib */,
			);
			path = FriendXIB;
			sourceTree = "<group>";
		};
		81ED63282876443900B81225 /* GroupXIB */ = {
			isa = PBXGroup;
			children = (
				81ED63242876442D00B81225 /* GroupXIBTableViewCell.swift */,
				81ED63252876442D00B81225 /* GroupXIBTableViewCell.xib */,
			);
			path = GroupXIB;
			sourceTree = "<group>";
		};
		A3193567E7BC3A248DFCE735 /* Frameworks */ = {
			isa = PBXGroup;
			children = (
				8594E57398E0A748E52E0042 /* Pods_vk_KukobaAlexander.framework */,
			);
			name = Frameworks;
			sourceTree = "<group>";
		};
		E511C95DA5FA08C45C584CFB /* Pods */ = {
			isa = PBXGroup;
			children = (
				39900E79198E96E201235836 /* Pods-vk_KukobaAlexander.debug.xcconfig */,
				D1CFA694DB61AD2E9603ADDE /* Pods-vk_KukobaAlexander.release.xcconfig */,
			);
			path = Pods;
			sourceTree = "<group>";
		};
/* End PBXGroup section */

/* Begin PBXNativeTarget section */
		8116C4EF285A788300ECB796 /* vk_KukobaAlexander */ = {
			isa = PBXNativeTarget;
			buildConfigurationList = 8116C504285A788500ECB796 /* Build configuration list for PBXNativeTarget "vk_KukobaAlexander" */;
			buildPhases = (
				5E7CCD8875B9507850C97F45 /* [CP] Check Pods Manifest.lock */,
				8116C4EC285A788300ECB796 /* Sources */,
				8116C4ED285A788300ECB796 /* Frameworks */,
				8116C4EE285A788300ECB796 /* Resources */,
				67D23A611771124794FB8AC1 /* [CP] Embed Pods Frameworks */,
			);
			buildRules = (
			);
			dependencies = (
			);
			name = vk_KukobaAlexander;
			productName = vk_KukobaAlexander;
			productReference = 8116C4F0285A788300ECB796 /* vk_KukobaAlexander.app */;
			productType = "com.apple.product-type.application";
		};
/* End PBXNativeTarget section */

/* Begin PBXProject section */
		8116C4E8285A788300ECB796 /* Project object */ = {
			isa = PBXProject;
			attributes = {
				BuildIndependentTargetsInParallel = 1;
				LastSwiftUpdateCheck = 1340;
				LastUpgradeCheck = 1340;
				TargetAttributes = {
					8116C4EF285A788300ECB796 = {
						CreatedOnToolsVersion = 13.4.1;
					};
				};
			};
			buildConfigurationList = 8116C4EB285A788300ECB796 /* Build configuration list for PBXProject "vk_KukobaAlexander" */;
			compatibilityVersion = "Xcode 13.0";
			developmentRegion = en;
			hasScannedForEncodings = 0;
			knownRegions = (
				en,
				Base,
			);
			mainGroup = 8116C4E7285A788300ECB796;
			productRefGroup = 8116C4F1285A788300ECB796 /* Products */;
			projectDirPath = "";
			projectRoot = "";
			targets = (
				8116C4EF285A788300ECB796 /* vk_KukobaAlexander */,
			);
		};
/* End PBXProject section */

/* Begin PBXResourcesBuildPhase section */
		8116C4EE285A788300ECB796 /* Resources */ = {
			isa = PBXResourcesBuildPhase;
			buildActionMask = 2147483647;
			files = (
				81ED63272876442D00B81225 /* GroupXIBTableViewCell.xib in Resources */,
				8116C500285A788500ECB796 /* LaunchScreen.storyboard in Resources */,
				81ED6322287637B300B81225 /* FriendXIBTableViewCell.xib in Resources */,
				8116C4FD285A788500ECB796 /* Assets.xcassets in Resources */,
				811697D0288035B700CE1765 /* PhotoCollectionViewCell.xib in Resources */,
				811697C92879079300CE1765 /* NewsXIBTableViewCell.xib in Resources */,
				8116C4FB285A788300ECB796 /* Main.storyboard in Resources */,
				8145B82928FB64D300B1DB58 /* LoadingViewController.xib in Resources */,
			);
			runOnlyForDeploymentPostprocessing = 0;
		};
/* End PBXResourcesBuildPhase section */

/* Begin PBXShellScriptBuildPhase section */
		5E7CCD8875B9507850C97F45 /* [CP] Check Pods Manifest.lock */ = {
			isa = PBXShellScriptBuildPhase;
			buildActionMask = 2147483647;
			files = (
			);
			inputFileListPaths = (
			);
			inputPaths = (
				"${PODS_PODFILE_DIR_PATH}/Podfile.lock",
				"${PODS_ROOT}/Manifest.lock",
			);
			name = "[CP] Check Pods Manifest.lock";
			outputFileListPaths = (
			);
			outputPaths = (
				"$(DERIVED_FILE_DIR)/Pods-vk_KukobaAlexander-checkManifestLockResult.txt",
			);
			runOnlyForDeploymentPostprocessing = 0;
			shellPath = /bin/sh;
			shellScript = "diff \"${PODS_PODFILE_DIR_PATH}/Podfile.lock\" \"${PODS_ROOT}/Manifest.lock\" > /dev/null\nif [ $? != 0 ] ; then\n    # print error to STDERR\n    echo \"error: The sandbox is not in sync with the Podfile.lock. Run 'pod install' or update your CocoaPods installation.\" >&2\n    exit 1\nfi\n# This output is used by Xcode 'outputs' to avoid re-running this script phase.\necho \"SUCCESS\" > \"${SCRIPT_OUTPUT_FILE_0}\"\n";
			showEnvVarsInLog = 0;
		};
		67D23A611771124794FB8AC1 /* [CP] Embed Pods Frameworks */ = {
			isa = PBXShellScriptBuildPhase;
			buildActionMask = 2147483647;
			files = (
			);
			inputFileListPaths = (
				"${PODS_ROOT}/Target Support Files/Pods-vk_KukobaAlexander/Pods-vk_KukobaAlexander-frameworks-${CONFIGURATION}-input-files.xcfilelist",
			);
			name = "[CP] Embed Pods Frameworks";
			outputFileListPaths = (
				"${PODS_ROOT}/Target Support Files/Pods-vk_KukobaAlexander/Pods-vk_KukobaAlexander-frameworks-${CONFIGURATION}-output-files.xcfilelist",
			);
			runOnlyForDeploymentPostprocessing = 0;
			shellPath = /bin/sh;
			shellScript = "\"${PODS_ROOT}/Target Support Files/Pods-vk_KukobaAlexander/Pods-vk_KukobaAlexander-frameworks.sh\"\n";
			showEnvVarsInLog = 0;
		};
/* End PBXShellScriptBuildPhase section */

/* Begin PBXSourcesBuildPhase section */
		8116C4EC285A788300ECB796 /* Sources */ = {
			isa = PBXSourcesBuildPhase;
			buildActionMask = 2147483647;
			files = (
				811697ED2887342C00CE1765 /* Animator.swift in Sources */,
				81ED6321287637B300B81225 /* FriendXIBTableViewCell.swift in Sources */,
				816C713B292A85C700977D7D /* LikeNewsV2Controll.swift in Sources */,
				8107E49A28933A9200891999 /* NewsItemViewController.swift in Sources */,
				8107E496289337C200891999 /* CommentNewsControl.swift in Sources */,
				8145B82E28FB6E2A00B1DB58 /* BaseUICollectionViewController.swift in Sources */,
				81ED63262876442D00B81225 /* GroupXIBTableViewCell.swift in Sources */,
				816C7141292A85C700977D7D /* DataV2.swift in Sources */,
				815D5CAB29C7346A00772C9A /* NewsItem.swift in Sources */,
				816C7139292A85C700977D7D /* NewsPhotoV2CollectionViewCell.swift in Sources */,
				8107E48C2889E75C00891999 /* CustomPopAnimator.swift in Sources */,
				8145B83228FB88D300B1DB58 /* BaseUITableViewController.swift in Sources */,
				8107E495289337C200891999 /* ViewNewsCounter.swift in Sources */,
				815315F7286A5EDA0030537D /* FriendCollectionViewCell.swift in Sources */,
				816C712A292A699C00977D7D /* vk.news.get.swift in Sources */,
				811697EB2887342C00CE1765 /* CustomMainPush+PopAnimators.swift in Sources */,
				815D5CB529CF3B3800772C9A /* ViewsControl.swift in Sources */,
				816C713A292A85C700977D7D /* NewsPhotoV2Cell.swift in Sources */,
				8117C068286CEA6500649B1E /* LikeControl.swift in Sources */,
				8116C4F4285A788300ECB796 /* AppDelegate.swift in Sources */,
				81CD93F028A2EF5C009BC3B3 /* vk.friends.get.swift in Sources */,
				8117C06C286CF50F00649B1E /* UIView + IBInspectable extension.swift in Sources */,
				816C713E292A85C700977D7D /* NewsV2ViewController.swift in Sources */,
				81B29E4429B51BFB008F3B11 /* DataParseOperation.swift in Sources */,
				81CD93F228A2FE35009BC3B3 /* vk.users.get.swift in Sources */,
				81CD93F528A4422D009BC3B3 /* vk.photos.get.swift in Sources */,
				811697CF288035B700CE1765 /* PhotoCollectionViewCell.swift in Sources */,
				8107E48B2889E75C00891999 /* CustomPushAnimator.swift in Sources */,
				81B29E4629B51C17008F3B11 /* SaveOperation.swift in Sources */,
				815315F5286A5A8C0030537D /* FriendsCollectionViewController.swift in Sources */,
				81CD93F728A4605D009BC3B3 /* vk.group.get.swift in Sources */,
				8107E48D2889E75C00891999 /* CustomInteractiveTransition.swift in Sources */,
				816C7140292A85C700977D7D /* NewsAuthorV2Cell.swift in Sources */,
				811697CC287F7C3500CE1765 /* FriendsPhotoGalleryController.swift in Sources */,
				81CD93E62899CC2C009BC3B3 /* Session.swift in Sources */,
				8107E498289337C200891999 /* ShareNewsControl.swift in Sources */,
				816C713F292A85C700977D7D /* NewsTextV2Cell.swift in Sources */,
				8146D66928F36AD100976BF0 /* RealmHelper.swift in Sources */,
				81B29E5529C4F6F8008F3B11 /* PhotoService.swift in Sources */,
				8117C07028731E9300649B1E /* LoginUIView.swift in Sources */,
				81B29E5029B534C4008F3B11 /* ReloadTableController.swift in Sources */,
				811697EC2887342C00CE1765 /* CustomSegue.swift in Sources */,
				811697C82879079300CE1765 /* NewsXIBTableViewCell.swift in Sources */,
				81B29E5229C4E1D8008F3B11 /* UIImageView+extension.swift in Sources */,
				81DE03162868A755009C1856 /* FriendsViewController.swift in Sources */,
				811697EA2887342C00CE1765 /* CustomMainNavigationController.swift in Sources */,
				8117C062286B792A00649B1E /* GroupsViewController.swift in Sources */,
				8107E4872889E71600891999 /* CustomNavigationController.swift in Sources */,
				8145B83028FB807B00B1DB58 /* LoadingProtocol.swift in Sources */,
				815315F2286A55CB0030537D /* Group.swift in Sources */,
				8117C064286B7D6000649B1E /* GroupCell.swift in Sources */,
				8107E48F28932B2A00891999 /* Utilities.swift in Sources */,
				81B29E4E29B51F97008F3B11 /* UpdateRealm.swift in Sources */,
				8116C4F6285A788300ECB796 /* SceneDelegate.swift in Sources */,
				8145B82828FB64D300B1DB58 /* LoadingViewController.swift in Sources */,
				811697DA2880DBED00CE1765 /* SJCenterFlowLayout.swift in Sources */,
				815D5CB129C734F700772C9A /* UserItem.swift in Sources */,
				816C7138292A85C700977D7D /* NewsLikeCommentsV2Cell.swift in Sources */,
				81DE03182868A811009C1856 /* GroupsTableViewController.swift in Sources */,
				816C713D292A85C700977D7D /* CommentsV2CountControl.swift in Sources */,
				811697C42879005300CE1765 /* NewsViewController.swift in Sources */,
				81B29E4C29B51F68008F3B11 /* FindNewToRealm.swift in Sources */,
				815D5CAF29C734E000772C9A /* ProfileItem.swift in Sources */,
				81B29E4829B51C2F008F3B11 /* FindNewElementsOperation.swift in Sources */,
				81B29E4029B51BBF008F3B11 /* GetDataOperation.swift in Sources */,
				816C712C292A6A0E00977D7D /* vk.owner.get.swift in Sources */,
				816C713C292A85C700977D7D /* NewsV2.swift in Sources */,
				81B29E4229B51BE0008F3B11 /* AsyncOperation.swift in Sources */,
				81CD93E828A028BE009BC3B3 /* VKApi.swift in Sources */,
				81B29E4A29B51E96008F3B11 /* FindOldRealm.swift in Sources */,
				81DE031C2868B31F009C1856 /* Friend.swift in Sources */,
				81CD93EA28A032D9009BC3B3 /* LoginWebViewController.swift in Sources */,
				8117C066286CDC0400649B1E /* AvatarUIView.swift in Sources */,
				815D5CAD29C734D100772C9A /* GroupItem.swift in Sources */,
				811697C02878FB8C00CE1765 /* News.swift in Sources */,
				811697C22878FF8300CE1765 /* LoginViewController.swift in Sources */,
				8145B82C28FB691700B1DB58 /* BaseUIViewController.swift in Sources */,
				81DE030E286275FB009C1856 /* UiViewController+extension.swift in Sources */,
				8107E485288768EA00891999 /* TabBarViewController.swift in Sources */,
				81DE031A2868AD0F009C1856 /* FriendCell.swift in Sources */,
				815D5CB329CF3B2500772C9A /* RepostsControl.swift in Sources */,
				8107E497289337C200891999 /* LikeNewsControl.swift in Sources */,
			);
			runOnlyForDeploymentPostprocessing = 0;
		};
/* End PBXSourcesBuildPhase section */

/* Begin PBXVariantGroup section */
		8116C4F9285A788300ECB796 /* Main.storyboard */ = {
			isa = PBXVariantGroup;
			children = (
				8116C4FA285A788300ECB796 /* Base */,
			);
			name = Main.storyboard;
			sourceTree = "<group>";
		};
		8116C4FE285A788500ECB796 /* LaunchScreen.storyboard */ = {
			isa = PBXVariantGroup;
			children = (
				8116C4FF285A788500ECB796 /* Base */,
			);
			name = LaunchScreen.storyboard;
			sourceTree = "<group>";
		};
/* End PBXVariantGroup section */

/* Begin XCBuildConfiguration section */
		8116C502285A788500ECB796 /* Debug */ = {
			isa = XCBuildConfiguration;
			buildSettings = {
				ALWAYS_SEARCH_USER_PATHS = NO;
				CLANG_ANALYZER_NONNULL = YES;
				CLANG_ANALYZER_NUMBER_OBJECT_CONVERSION = YES_AGGRESSIVE;
				CLANG_CXX_LANGUAGE_STANDARD = "gnu++17";
				CLANG_ENABLE_MODULES = YES;
				CLANG_ENABLE_OBJC_ARC = YES;
				CLANG_ENABLE_OBJC_WEAK = YES;
				CLANG_WARN_BLOCK_CAPTURE_AUTORELEASING = YES;
				CLANG_WARN_BOOL_CONVERSION = YES;
				CLANG_WARN_COMMA = YES;
				CLANG_WARN_CONSTANT_CONVERSION = YES;
				CLANG_WARN_DEPRECATED_OBJC_IMPLEMENTATIONS = YES;
				CLANG_WARN_DIRECT_OBJC_ISA_USAGE = YES_ERROR;
				CLANG_WARN_DOCUMENTATION_COMMENTS = YES;
				CLANG_WARN_EMPTY_BODY = YES;
				CLANG_WARN_ENUM_CONVERSION = YES;
				CLANG_WARN_INFINITE_RECURSION = YES;
				CLANG_WARN_INT_CONVERSION = YES;
				CLANG_WARN_NON_LITERAL_NULL_CONVERSION = YES;
				CLANG_WARN_OBJC_IMPLICIT_RETAIN_SELF = YES;
				CLANG_WARN_OBJC_LITERAL_CONVERSION = YES;
				CLANG_WARN_OBJC_ROOT_CLASS = YES_ERROR;
				CLANG_WARN_QUOTED_INCLUDE_IN_FRAMEWORK_HEADER = YES;
				CLANG_WARN_RANGE_LOOP_ANALYSIS = YES;
				CLANG_WARN_STRICT_PROTOTYPES = YES;
				CLANG_WARN_SUSPICIOUS_MOVE = YES;
				CLANG_WARN_UNGUARDED_AVAILABILITY = YES_AGGRESSIVE;
				CLANG_WARN_UNREACHABLE_CODE = YES;
				CLANG_WARN__DUPLICATE_METHOD_MATCH = YES;
				COPY_PHASE_STRIP = NO;
				DEBUG_INFORMATION_FORMAT = dwarf;
				ENABLE_STRICT_OBJC_MSGSEND = YES;
				ENABLE_TESTABILITY = YES;
				GCC_C_LANGUAGE_STANDARD = gnu11;
				GCC_DYNAMIC_NO_PIC = NO;
				GCC_NO_COMMON_BLOCKS = YES;
				GCC_OPTIMIZATION_LEVEL = 0;
				GCC_PREPROCESSOR_DEFINITIONS = (
					"DEBUG=1",
					"$(inherited)",
				);
				GCC_WARN_64_TO_32_BIT_CONVERSION = YES;
				GCC_WARN_ABOUT_RETURN_TYPE = YES_ERROR;
				GCC_WARN_UNDECLARED_SELECTOR = YES;
				GCC_WARN_UNINITIALIZED_AUTOS = YES_AGGRESSIVE;
				GCC_WARN_UNUSED_FUNCTION = YES;
				GCC_WARN_UNUSED_VARIABLE = YES;
				IPHONEOS_DEPLOYMENT_TARGET = 15.5;
				MTL_ENABLE_DEBUG_INFO = INCLUDE_SOURCE;
				MTL_FAST_MATH = YES;
				ONLY_ACTIVE_ARCH = YES;
				SDKROOT = iphoneos;
				SWIFT_ACTIVE_COMPILATION_CONDITIONS = DEBUG;
				SWIFT_OPTIMIZATION_LEVEL = "-Onone";
			};
			name = Debug;
		};
		8116C503285A788500ECB796 /* Release */ = {
			isa = XCBuildConfiguration;
			buildSettings = {
				ALWAYS_SEARCH_USER_PATHS = NO;
				CLANG_ANALYZER_NONNULL = YES;
				CLANG_ANALYZER_NUMBER_OBJECT_CONVERSION = YES_AGGRESSIVE;
				CLANG_CXX_LANGUAGE_STANDARD = "gnu++17";
				CLANG_ENABLE_MODULES = YES;
				CLANG_ENABLE_OBJC_ARC = YES;
				CLANG_ENABLE_OBJC_WEAK = YES;
				CLANG_WARN_BLOCK_CAPTURE_AUTORELEASING = YES;
				CLANG_WARN_BOOL_CONVERSION = YES;
				CLANG_WARN_COMMA = YES;
				CLANG_WARN_CONSTANT_CONVERSION = YES;
				CLANG_WARN_DEPRECATED_OBJC_IMPLEMENTATIONS = YES;
				CLANG_WARN_DIRECT_OBJC_ISA_USAGE = YES_ERROR;
				CLANG_WARN_DOCUMENTATION_COMMENTS = YES;
				CLANG_WARN_EMPTY_BODY = YES;
				CLANG_WARN_ENUM_CONVERSION = YES;
				CLANG_WARN_INFINITE_RECURSION = YES;
				CLANG_WARN_INT_CONVERSION = YES;
				CLANG_WARN_NON_LITERAL_NULL_CONVERSION = YES;
				CLANG_WARN_OBJC_IMPLICIT_RETAIN_SELF = YES;
				CLANG_WARN_OBJC_LITERAL_CONVERSION = YES;
				CLANG_WARN_OBJC_ROOT_CLASS = YES_ERROR;
				CLANG_WARN_QUOTED_INCLUDE_IN_FRAMEWORK_HEADER = YES;
				CLANG_WARN_RANGE_LOOP_ANALYSIS = YES;
				CLANG_WARN_STRICT_PROTOTYPES = YES;
				CLANG_WARN_SUSPICIOUS_MOVE = YES;
				CLANG_WARN_UNGUARDED_AVAILABILITY = YES_AGGRESSIVE;
				CLANG_WARN_UNREACHABLE_CODE = YES;
				CLANG_WARN__DUPLICATE_METHOD_MATCH = YES;
				COPY_PHASE_STRIP = NO;
				DEBUG_INFORMATION_FORMAT = "dwarf-with-dsym";
				ENABLE_NS_ASSERTIONS = NO;
				ENABLE_STRICT_OBJC_MSGSEND = YES;
				GCC_C_LANGUAGE_STANDARD = gnu11;
				GCC_NO_COMMON_BLOCKS = YES;
				GCC_WARN_64_TO_32_BIT_CONVERSION = YES;
				GCC_WARN_ABOUT_RETURN_TYPE = YES_ERROR;
				GCC_WARN_UNDECLARED_SELECTOR = YES;
				GCC_WARN_UNINITIALIZED_AUTOS = YES_AGGRESSIVE;
				GCC_WARN_UNUSED_FUNCTION = YES;
				GCC_WARN_UNUSED_VARIABLE = YES;
				IPHONEOS_DEPLOYMENT_TARGET = 15.5;
				MTL_ENABLE_DEBUG_INFO = NO;
				MTL_FAST_MATH = YES;
				SDKROOT = iphoneos;
				SWIFT_COMPILATION_MODE = wholemodule;
				SWIFT_OPTIMIZATION_LEVEL = "-O";
				VALIDATE_PRODUCT = YES;
			};
			name = Release;
		};
		8116C505285A788500ECB796 /* Debug */ = {
			isa = XCBuildConfiguration;
			baseConfigurationReference = 39900E79198E96E201235836 /* Pods-vk_KukobaAlexander.debug.xcconfig */;
			buildSettings = {
				ASSETCATALOG_COMPILER_APPICON_NAME = AppIcon;
				ASSETCATALOG_COMPILER_GLOBAL_ACCENT_COLOR_NAME = AccentColor;
				CODE_SIGN_STYLE = Automatic;
				CURRENT_PROJECT_VERSION = 1;
				DEVELOPMENT_TEAM = Y5Q79239V5;
				GENERATE_INFOPLIST_FILE = YES;
				INFOPLIST_FILE = vk_KukobaAlexander/Info.plist;
				INFOPLIST_KEY_UIApplicationSupportsIndirectInputEvents = YES;
				INFOPLIST_KEY_UILaunchStoryboardName = LaunchScreen;
				INFOPLIST_KEY_UIMainStoryboardFile = Main;
				INFOPLIST_KEY_UISupportedInterfaceOrientations_iPad = "UIInterfaceOrientationPortrait UIInterfaceOrientationPortraitUpsideDown UIInterfaceOrientationLandscapeLeft UIInterfaceOrientationLandscapeRight";
				INFOPLIST_KEY_UISupportedInterfaceOrientations_iPhone = "UIInterfaceOrientationPortrait UIInterfaceOrientationLandscapeLeft UIInterfaceOrientationLandscapeRight";
				LD_RUNPATH_SEARCH_PATHS = (
					"$(inherited)",
					"@executable_path/Frameworks",
				);
				MARKETING_VERSION = 1.0;
				PRODUCT_BUNDLE_IDENTIFIER = "home.vk-KukobaAlexander";
				PRODUCT_NAME = "$(TARGET_NAME)";
				SWIFT_EMIT_LOC_STRINGS = YES;
				SWIFT_VERSION = 5.0;
				TARGETED_DEVICE_FAMILY = "1,2";
			};
			name = Debug;
		};
		8116C506285A788500ECB796 /* Release */ = {
			isa = XCBuildConfiguration;
			baseConfigurationReference = D1CFA694DB61AD2E9603ADDE /* Pods-vk_KukobaAlexander.release.xcconfig */;
			buildSettings = {
				ASSETCATALOG_COMPILER_APPICON_NAME = AppIcon;
				ASSETCATALOG_COMPILER_GLOBAL_ACCENT_COLOR_NAME = AccentColor;
				CODE_SIGN_STYLE = Automatic;
				CURRENT_PROJECT_VERSION = 1;
				DEVELOPMENT_TEAM = Y5Q79239V5;
				GENERATE_INFOPLIST_FILE = YES;
				INFOPLIST_FILE = vk_KukobaAlexander/Info.plist;
				INFOPLIST_KEY_UIApplicationSupportsIndirectInputEvents = YES;
				INFOPLIST_KEY_UILaunchStoryboardName = LaunchScreen;
				INFOPLIST_KEY_UIMainStoryboardFile = Main;
				INFOPLIST_KEY_UISupportedInterfaceOrientations_iPad = "UIInterfaceOrientationPortrait UIInterfaceOrientationPortraitUpsideDown UIInterfaceOrientationLandscapeLeft UIInterfaceOrientationLandscapeRight";
				INFOPLIST_KEY_UISupportedInterfaceOrientations_iPhone = "UIInterfaceOrientationPortrait UIInterfaceOrientationLandscapeLeft UIInterfaceOrientationLandscapeRight";
				LD_RUNPATH_SEARCH_PATHS = (
					"$(inherited)",
					"@executable_path/Frameworks",
				);
				MARKETING_VERSION = 1.0;
				PRODUCT_BUNDLE_IDENTIFIER = "home.vk-KukobaAlexander";
				PRODUCT_NAME = "$(TARGET_NAME)";
				SWIFT_EMIT_LOC_STRINGS = YES;
				SWIFT_VERSION = 5.0;
				TARGETED_DEVICE_FAMILY = "1,2";
			};
			name = Release;
		};
/* End XCBuildConfiguration section */

/* Begin XCConfigurationList section */
		8116C4EB285A788300ECB796 /* Build configuration list for PBXProject "vk_KukobaAlexander" */ = {
			isa = XCConfigurationList;
			buildConfigurations = (
				8116C502285A788500ECB796 /* Debug */,
				8116C503285A788500ECB796 /* Release */,
			);
			defaultConfigurationIsVisible = 0;
			defaultConfigurationName = Release;
		};
		8116C504285A788500ECB796 /* Build configuration list for PBXNativeTarget "vk_KukobaAlexander" */ = {
			isa = XCConfigurationList;
			buildConfigurations = (
				8116C505285A788500ECB796 /* Debug */,
				8116C506285A788500ECB796 /* Release */,
			);
			defaultConfigurationIsVisible = 0;
			defaultConfigurationName = Release;
		};
/* End XCConfigurationList section */
	};
	rootObject = 8116C4E8285A788300ECB796 /* Project object */;
}
