// !$*UTF8*$!
{
	archiveVersion = 1;
	classes = {
	};
	objectVersion = 55;
	objects = {

/* Begin PBXBuildFile section */
		8116C4F4285A788300ECB796 /* AppDelegate.swift in Sources */ = {isa = PBXBuildFile; fileRef = 8116C4F3285A788300ECB796 /* AppDelegate.swift */; };
		8116C4F6285A788300ECB796 /* SceneDelegate.swift in Sources */ = {isa = PBXBuildFile; fileRef = 8116C4F5285A788300ECB796 /* SceneDelegate.swift */; };
		8116C4F8285A788300ECB796 /* ViewController.swift in Sources */ = {isa = PBXBuildFile; fileRef = 8116C4F7285A788300ECB796 /* ViewController.swift */; };
		8116C4FB285A788300ECB796 /* Main.storyboard in Resources */ = {isa = PBXBuildFile; fileRef = 8116C4F9285A788300ECB796 /* Main.storyboard */; };
		8116C4FD285A788500ECB796 /* Assets.xcassets in Resources */ = {isa = PBXBuildFile; fileRef = 8116C4FC285A788500ECB796 /* Assets.xcassets */; };
		8116C500285A788500ECB796 /* LaunchScreen.storyboard in Resources */ = {isa = PBXBuildFile; fileRef = 8116C4FE285A788500ECB796 /* LaunchScreen.storyboard */; };
		815315F2286A55CB0030537D /* Group.swift in Sources */ = {isa = PBXBuildFile; fileRef = 815315F1286A55CB0030537D /* Group.swift */; };
		815315F5286A5A8C0030537D /* FriendsCollectionViewController.swift in Sources */ = {isa = PBXBuildFile; fileRef = 815315F4286A5A8C0030537D /* FriendsCollectionViewController.swift */; };
		815315F7286A5EDA0030537D /* FriendCollectionViewCell.swift in Sources */ = {isa = PBXBuildFile; fileRef = 815315F6286A5EDA0030537D /* FriendCollectionViewCell.swift */; };
		81DE030E286275FB009C1856 /* UiViewController+extension.swift in Sources */ = {isa = PBXBuildFile; fileRef = 81DE030D286275FB009C1856 /* UiViewController+extension.swift */; };
		81DE031428627E00009C1856 /* TabbarViewController.swift in Sources */ = {isa = PBXBuildFile; fileRef = 81DE031328627E00009C1856 /* TabbarViewController.swift */; };
		81DE03162868A755009C1856 /* FriendsTableViewController.swift in Sources */ = {isa = PBXBuildFile; fileRef = 81DE03152868A755009C1856 /* FriendsTableViewController.swift */; };
		81DE03182868A811009C1856 /* GroupsTableViewController.swift in Sources */ = {isa = PBXBuildFile; fileRef = 81DE03172868A811009C1856 /* GroupsTableViewController.swift */; };
		81DE031A2868AD0F009C1856 /* FriendCell.swift in Sources */ = {isa = PBXBuildFile; fileRef = 81DE03192868AD0F009C1856 /* FriendCell.swift */; };
		81DE031C2868B31F009C1856 /* Friend.swift in Sources */ = {isa = PBXBuildFile; fileRef = 81DE031B2868B31F009C1856 /* Friend.swift */; };
/* End PBXBuildFile section */

/* Begin PBXFileReference section */
		8116C4F0285A788300ECB796 /* vk_KukobaAlexander.app */ = {isa = PBXFileReference; explicitFileType = wrapper.application; includeInIndex = 0; path = vk_KukobaAlexander.app; sourceTree = BUILT_PRODUCTS_DIR; };
		8116C4F3285A788300ECB796 /* AppDelegate.swift */ = {isa = PBXFileReference; lastKnownFileType = sourcecode.swift; path = AppDelegate.swift; sourceTree = "<group>"; };
		8116C4F5285A788300ECB796 /* SceneDelegate.swift */ = {isa = PBXFileReference; lastKnownFileType = sourcecode.swift; path = SceneDelegate.swift; sourceTree = "<group>"; };
		8116C4F7285A788300ECB796 /* ViewController.swift */ = {isa = PBXFileReference; lastKnownFileType = sourcecode.swift; path = ViewController.swift; sourceTree = "<group>"; };
		8116C4FA285A788300ECB796 /* Base */ = {isa = PBXFileReference; lastKnownFileType = file.storyboard; name = Base; path = Base.lproj/Main.storyboard; sourceTree = "<group>"; };
		8116C4FC285A788500ECB796 /* Assets.xcassets */ = {isa = PBXFileReference; lastKnownFileType = folder.assetcatalog; path = Assets.xcassets; sourceTree = "<group>"; };
		8116C4FF285A788500ECB796 /* Base */ = {isa = PBXFileReference; lastKnownFileType = file.storyboard; name = Base; path = Base.lproj/LaunchScreen.storyboard; sourceTree = "<group>"; };
		8116C501285A788500ECB796 /* Info.plist */ = {isa = PBXFileReference; lastKnownFileType = text.plist.xml; path = Info.plist; sourceTree = "<group>"; };
		815315F1286A55CB0030537D /* Group.swift */ = {isa = PBXFileReference; lastKnownFileType = sourcecode.swift; path = Group.swift; sourceTree = "<group>"; };
		815315F4286A5A8C0030537D /* FriendsCollectionViewController.swift */ = {isa = PBXFileReference; lastKnownFileType = sourcecode.swift; path = FriendsCollectionViewController.swift; sourceTree = "<group>"; };
		815315F6286A5EDA0030537D /* FriendCollectionViewCell.swift */ = {isa = PBXFileReference; lastKnownFileType = sourcecode.swift; path = FriendCollectionViewCell.swift; sourceTree = "<group>"; };
		81DE030D286275FB009C1856 /* UiViewController+extension.swift */ = {isa = PBXFileReference; lastKnownFileType = sourcecode.swift; path = "UiViewController+extension.swift"; sourceTree = "<group>"; };
		81DE031328627E00009C1856 /* TabbarViewController.swift */ = {isa = PBXFileReference; lastKnownFileType = sourcecode.swift; path = TabbarViewController.swift; sourceTree = "<group>"; };
		81DE03152868A755009C1856 /* FriendsTableViewController.swift */ = {isa = PBXFileReference; lastKnownFileType = sourcecode.swift; path = FriendsTableViewController.swift; sourceTree = "<group>"; };
		81DE03172868A811009C1856 /* GroupsTableViewController.swift */ = {isa = PBXFileReference; lastKnownFileType = sourcecode.swift; path = GroupsTableViewController.swift; sourceTree = "<group>"; };
		81DE03192868AD0F009C1856 /* FriendCell.swift */ = {isa = PBXFileReference; lastKnownFileType = sourcecode.swift; path = FriendCell.swift; sourceTree = "<group>"; };
		81DE031B2868B31F009C1856 /* Friend.swift */ = {isa = PBXFileReference; lastKnownFileType = sourcecode.swift; path = Friend.swift; sourceTree = "<group>"; };
/* End PBXFileReference section */

/* Begin PBXFrameworksBuildPhase section */
		8116C4ED285A788300ECB796 /* Frameworks */ = {
			isa = PBXFrameworksBuildPhase;
			buildActionMask = 2147483647;
			files = (
			);
			runOnlyForDeploymentPostprocessing = 0;
		};
/* End PBXFrameworksBuildPhase section */

/* Begin PBXGroup section */
		8116C4E7285A788300ECB796 = {
			isa = PBXGroup;
			children = (
				8116C4F2285A788300ECB796 /* vk_KukobaAlexander */,
				8116C4F1285A788300ECB796 /* Products */,
			);
			sourceTree = "<group>";
		};
		8116C4F1285A788300ECB796 /* Products */ = {
			isa = PBXGroup;
			children = (
				8116C4F0285A788300ECB796 /* vk_KukobaAlexander.app */,
			);
			name = Products;
			sourceTree = "<group>";
		};
		8116C4F2285A788300ECB796 /* vk_KukobaAlexander */ = {
			isa = PBXGroup;
			children = (
				81DE031D2868D2AE009C1856 /* Model */,
				8179784A286A54FB00D14B27 /* Controller */,
				8179784C286A551100D14B27 /* Extension */,
				8179784B286A550A00D14B27 /* View */,
				815315F3286A56730030537D /* Resourse */,
				8116C4F5285A788300ECB796 /* SceneDelegate.swift */,
				8116C4F3285A788300ECB796 /* AppDelegate.swift */,
				8116C501285A788500ECB796 /* Info.plist */,
			);
			path = vk_KukobaAlexander;
			sourceTree = "<group>";
		};
		815315F3286A56730030537D /* Resourse */ = {
			isa = PBXGroup;
			children = (
				8116C4FC285A788500ECB796 /* Assets.xcassets */,
				8116C4F9285A788300ECB796 /* Main.storyboard */,
				8116C4FE285A788500ECB796 /* LaunchScreen.storyboard */,
			);
			path = Resourse;
			sourceTree = "<group>";
		};
		815315F8286A5EE50030537D /* Friends */ = {
			isa = PBXGroup;
			children = (
				815315F9286A605A0030537D /* TableView */,
				815315FA286A60690030537D /* CollectionView */,
			);
			path = Friends;
			sourceTree = "<group>";
		};
		815315F9286A605A0030537D /* TableView */ = {
			isa = PBXGroup;
			children = (
				81DE03152868A755009C1856 /* FriendsTableViewController.swift */,
			);
			path = TableView;
			sourceTree = "<group>";
		};
		815315FA286A60690030537D /* CollectionView */ = {
			isa = PBXGroup;
			children = (
				815315F4286A5A8C0030537D /* FriendsCollectionViewController.swift */,
				815315F6286A5EDA0030537D /* FriendCollectionViewCell.swift */,
			);
			path = CollectionView;
			sourceTree = "<group>";
		};
		8179784A286A54FB00D14B27 /* Controller */ = {
			isa = PBXGroup;
			children = (
				8116C4F7285A788300ECB796 /* ViewController.swift */,
				81DE03172868A811009C1856 /* GroupsTableViewController.swift */,
				81DE031328627E00009C1856 /* TabbarViewController.swift */,
				815315F8286A5EE50030537D /* Friends */,
			);
			path = Controller;
			sourceTree = "<group>";
		};
		8179784B286A550A00D14B27 /* View */ = {
			isa = PBXGroup;
			children = (
				81DE03192868AD0F009C1856 /* FriendCell.swift */,
			);
			path = View;
			sourceTree = "<group>";
		};
		8179784C286A551100D14B27 /* Extension */ = {
			isa = PBXGroup;
			children = (
				81DE030D286275FB009C1856 /* UiViewController+extension.swift */,
			);
			path = Extension;
			sourceTree = "<group>";
		};
		81DE031D2868D2AE009C1856 /* Model */ = {
			isa = PBXGroup;
			children = (
				81DE031B2868B31F009C1856 /* Friend.swift */,
				815315F1286A55CB0030537D /* Group.swift */,
			);
			path = Model;
			sourceTree = "<group>";
		};
/* End PBXGroup section */

/* Begin PBXNativeTarget section */
		8116C4EF285A788300ECB796 /* vk_KukobaAlexander */ = {
			isa = PBXNativeTarget;
			buildConfigurationList = 8116C504285A788500ECB796 /* Build configuration list for PBXNativeTarget "vk_KukobaAlexander" */;
			buildPhases = (
				8116C4EC285A788300ECB796 /* Sources */,
				8116C4ED285A788300ECB796 /* Frameworks */,
				8116C4EE285A788300ECB796 /* Resources */,
			);
			buildRules = (
			);
			dependencies = (
			);
			name = vk_KukobaAlexander;
			productName = vk_KukobaAlexander;
			productReference = 8116C4F0285A788300ECB796 /* vk_KukobaAlexander.app */;
			productType = "com.apple.product-type.application";
		};
/* End PBXNativeTarget section */

/* Begin PBXProject section */
		8116C4E8285A788300ECB796 /* Project object */ = {
			isa = PBXProject;
			attributes = {
				BuildIndependentTargetsInParallel = 1;
				LastSwiftUpdateCheck = 1340;
				LastUpgradeCheck = 1340;
				TargetAttributes = {
					8116C4EF285A788300ECB796 = {
						CreatedOnToolsVersion = 13.4.1;
					};
				};
			};
			buildConfigurationList = 8116C4EB285A788300ECB796 /* Build configuration list for PBXProject "vk_KukobaAlexander" */;
			compatibilityVersion = "Xcode 13.0";
			developmentRegion = en;
			hasScannedForEncodings = 0;
			knownRegions = (
				en,
				Base,
			);
			mainGroup = 8116C4E7285A788300ECB796;
			productRefGroup = 8116C4F1285A788300ECB796 /* Products */;
			projectDirPath = "";
			projectRoot = "";
			targets = (
				8116C4EF285A788300ECB796 /* vk_KukobaAlexander */,
			);
		};
/* End PBXProject section */

/* Begin PBXResourcesBuildPhase section */
		8116C4EE285A788300ECB796 /* Resources */ = {
			isa = PBXResourcesBuildPhase;
			buildActionMask = 2147483647;
			files = (
				8116C500285A788500ECB796 /* LaunchScreen.storyboard in Resources */,
				8116C4FD285A788500ECB796 /* Assets.xcassets in Resources */,
				8116C4FB285A788300ECB796 /* Main.storyboard in Resources */,
			);
			runOnlyForDeploymentPostprocessing = 0;
		};
/* End PBXResourcesBuildPhase section */

/* Begin PBXSourcesBuildPhase section */
		8116C4EC285A788300ECB796 /* Sources */ = {
			isa = PBXSourcesBuildPhase;
			buildActionMask = 2147483647;
			files = (
				815315F7286A5EDA0030537D /* FriendCollectionViewCell.swift in Sources */,
				8116C4F8285A788300ECB796 /* ViewController.swift in Sources */,
				8116C4F4285A788300ECB796 /* AppDelegate.swift in Sources */,
				815315F5286A5A8C0030537D /* FriendsCollectionViewController.swift in Sources */,
				81DE03162868A755009C1856 /* FriendsTableViewController.swift in Sources */,
				815315F2286A55CB0030537D /* Group.swift in Sources */,
				8116C4F6285A788300ECB796 /* SceneDelegate.swift in Sources */,
				81DE03182868A811009C1856 /* GroupsTableViewController.swift in Sources */,
				81DE031428627E00009C1856 /* TabbarViewController.swift in Sources */,
				81DE031C2868B31F009C1856 /* Friend.swift in Sources */,
				81DE030E286275FB009C1856 /* UiViewController+extension.swift in Sources */,
				81DE031A2868AD0F009C1856 /* FriendCell.swift in Sources */,
			);
			runOnlyForDeploymentPostprocessing = 0;
		};
/* End PBXSourcesBuildPhase section */

/* Begin PBXVariantGroup section */
		8116C4F9285A788300ECB796 /* Main.storyboard */ = {
			isa = PBXVariantGroup;
			children = (
				8116C4FA285A788300ECB796 /* Base */,
			);
			name = Main.storyboard;
			sourceTree = "<group>";
		};
		8116C4FE285A788500ECB796 /* LaunchScreen.storyboard */ = {
			isa = PBXVariantGroup;
			children = (
				8116C4FF285A788500ECB796 /* Base */,
			);
			name = LaunchScreen.storyboard;
			sourceTree = "<group>";
		};
/* End PBXVariantGroup section */

/* Begin XCBuildConfiguration section */
		8116C502285A788500ECB796 /* Debug */ = {
			isa = XCBuildConfiguration;
			buildSettings = {
				ALWAYS_SEARCH_USER_PATHS = NO;
				CLANG_ANALYZER_NONNULL = YES;
				CLANG_ANALYZER_NUMBER_OBJECT_CONVERSION = YES_AGGRESSIVE;
				CLANG_CXX_LANGUAGE_STANDARD = "gnu++17";
				CLANG_ENABLE_MODULES = YES;
				CLANG_ENABLE_OBJC_ARC = YES;
				CLANG_ENABLE_OBJC_WEAK = YES;
				CLANG_WARN_BLOCK_CAPTURE_AUTORELEASING = YES;
				CLANG_WARN_BOOL_CONVERSION = YES;
				CLANG_WARN_COMMA = YES;
				CLANG_WARN_CONSTANT_CONVERSION = YES;
				CLANG_WARN_DEPRECATED_OBJC_IMPLEMENTATIONS = YES;
				CLANG_WARN_DIRECT_OBJC_ISA_USAGE = YES_ERROR;
				CLANG_WARN_DOCUMENTATION_COMMENTS = YES;
				CLANG_WARN_EMPTY_BODY = YES;
				CLANG_WARN_ENUM_CONVERSION = YES;
				CLANG_WARN_INFINITE_RECURSION = YES;
				CLANG_WARN_INT_CONVERSION = YES;
				CLANG_WARN_NON_LITERAL_NULL_CONVERSION = YES;
				CLANG_WARN_OBJC_IMPLICIT_RETAIN_SELF = YES;
				CLANG_WARN_OBJC_LITERAL_CONVERSION = YES;
				CLANG_WARN_OBJC_ROOT_CLASS = YES_ERROR;
				CLANG_WARN_QUOTED_INCLUDE_IN_FRAMEWORK_HEADER = YES;
				CLANG_WARN_RANGE_LOOP_ANALYSIS = YES;
				CLANG_WARN_STRICT_PROTOTYPES = YES;
				CLANG_WARN_SUSPICIOUS_MOVE = YES;
				CLANG_WARN_UNGUARDED_AVAILABILITY = YES_AGGRESSIVE;
				CLANG_WARN_UNREACHABLE_CODE = YES;
				CLANG_WARN__DUPLICATE_METHOD_MATCH = YES;
				COPY_PHASE_STRIP = NO;
				DEBUG_INFORMATION_FORMAT = dwarf;
				ENABLE_STRICT_OBJC_MSGSEND = YES;
				ENABLE_TESTABILITY = YES;
				GCC_C_LANGUAGE_STANDARD = gnu11;
				GCC_DYNAMIC_NO_PIC = NO;
				GCC_NO_COMMON_BLOCKS = YES;
				GCC_OPTIMIZATION_LEVEL = 0;
				GCC_PREPROCESSOR_DEFINITIONS = (
					"DEBUG=1",
					"$(inherited)",
				);
				GCC_WARN_64_TO_32_BIT_CONVERSION = YES;
				GCC_WARN_ABOUT_RETURN_TYPE = YES_ERROR;
				GCC_WARN_UNDECLARED_SELECTOR = YES;
				GCC_WARN_UNINITIALIZED_AUTOS = YES_AGGRESSIVE;
				GCC_WARN_UNUSED_FUNCTION = YES;
				GCC_WARN_UNUSED_VARIABLE = YES;
				IPHONEOS_DEPLOYMENT_TARGET = 15.5;
				MTL_ENABLE_DEBUG_INFO = INCLUDE_SOURCE;
				MTL_FAST_MATH = YES;
				ONLY_ACTIVE_ARCH = YES;
				SDKROOT = iphoneos;
				SWIFT_ACTIVE_COMPILATION_CONDITIONS = DEBUG;
				SWIFT_OPTIMIZATION_LEVEL = "-Onone";
			};
			name = Debug;
		};
		8116C503285A788500ECB796 /* Release */ = {
			isa = XCBuildConfiguration;
			buildSettings = {
				ALWAYS_SEARCH_USER_PATHS = NO;
				CLANG_ANALYZER_NONNULL = YES;
				CLANG_ANALYZER_NUMBER_OBJECT_CONVERSION = YES_AGGRESSIVE;
				CLANG_CXX_LANGUAGE_STANDARD = "gnu++17";
				CLANG_ENABLE_MODULES = YES;
				CLANG_ENABLE_OBJC_ARC = YES;
				CLANG_ENABLE_OBJC_WEAK = YES;
				CLANG_WARN_BLOCK_CAPTURE_AUTORELEASING = YES;
				CLANG_WARN_BOOL_CONVERSION = YES;
				CLANG_WARN_COMMA = YES;
				CLANG_WARN_CONSTANT_CONVERSION = YES;
				CLANG_WARN_DEPRECATED_OBJC_IMPLEMENTATIONS = YES;
				CLANG_WARN_DIRECT_OBJC_ISA_USAGE = YES_ERROR;
				CLANG_WARN_DOCUMENTATION_COMMENTS = YES;
				CLANG_WARN_EMPTY_BODY = YES;
				CLANG_WARN_ENUM_CONVERSION = YES;
				CLANG_WARN_INFINITE_RECURSION = YES;
				CLANG_WARN_INT_CONVERSION = YES;
				CLANG_WARN_NON_LITERAL_NULL_CONVERSION = YES;
				CLANG_WARN_OBJC_IMPLICIT_RETAIN_SELF = YES;
				CLANG_WARN_OBJC_LITERAL_CONVERSION = YES;
				CLANG_WARN_OBJC_ROOT_CLASS = YES_ERROR;
				CLANG_WARN_QUOTED_INCLUDE_IN_FRAMEWORK_HEADER = YES;
				CLANG_WARN_RANGE_LOOP_ANALYSIS = YES;
				CLANG_WARN_STRICT_PROTOTYPES = YES;
				CLANG_WARN_SUSPICIOUS_MOVE = YES;
				CLANG_WARN_UNGUARDED_AVAILABILITY = YES_AGGRESSIVE;
				CLANG_WARN_UNREACHABLE_CODE = YES;
				CLANG_WARN__DUPLICATE_METHOD_MATCH = YES;
				COPY_PHASE_STRIP = NO;
				DEBUG_INFORMATION_FORMAT = "dwarf-with-dsym";
				ENABLE_NS_ASSERTIONS = NO;
				ENABLE_STRICT_OBJC_MSGSEND = YES;
				GCC_C_LANGUAGE_STANDARD = gnu11;
				GCC_NO_COMMON_BLOCKS = YES;
				GCC_WARN_64_TO_32_BIT_CONVERSION = YES;
				GCC_WARN_ABOUT_RETURN_TYPE = YES_ERROR;
				GCC_WARN_UNDECLARED_SELECTOR = YES;
				GCC_WARN_UNINITIALIZED_AUTOS = YES_AGGRESSIVE;
				GCC_WARN_UNUSED_FUNCTION = YES;
				GCC_WARN_UNUSED_VARIABLE = YES;
				IPHONEOS_DEPLOYMENT_TARGET = 15.5;
				MTL_ENABLE_DEBUG_INFO = NO;
				MTL_FAST_MATH = YES;
				SDKROOT = iphoneos;
				SWIFT_COMPILATION_MODE = wholemodule;
				SWIFT_OPTIMIZATION_LEVEL = "-O";
				VALIDATE_PRODUCT = YES;
			};
			name = Release;
		};
		8116C505285A788500ECB796 /* Debug */ = {
			isa = XCBuildConfiguration;
			buildSettings = {
				ASSETCATALOG_COMPILER_APPICON_NAME = AppIcon;
				ASSETCATALOG_COMPILER_GLOBAL_ACCENT_COLOR_NAME = AccentColor;
				CODE_SIGN_STYLE = Automatic;
				CURRENT_PROJECT_VERSION = 1;
				GENERATE_INFOPLIST_FILE = YES;
				INFOPLIST_FILE = vk_KukobaAlexander/Info.plist;
				INFOPLIST_KEY_UIApplicationSupportsIndirectInputEvents = YES;
				INFOPLIST_KEY_UILaunchStoryboardName = LaunchScreen;
				INFOPLIST_KEY_UIMainStoryboardFile = Main;
				INFOPLIST_KEY_UISupportedInterfaceOrientations_iPad = "UIInterfaceOrientationPortrait UIInterfaceOrientationPortraitUpsideDown UIInterfaceOrientationLandscapeLeft UIInterfaceOrientationLandscapeRight";
				INFOPLIST_KEY_UISupportedInterfaceOrientations_iPhone = "UIInterfaceOrientationPortrait UIInterfaceOrientationLandscapeLeft UIInterfaceOrientationLandscapeRight";
				LD_RUNPATH_SEARCH_PATHS = (
					"$(inherited)",
					"@executable_path/Frameworks",
				);
				MARKETING_VERSION = 1.0;
				PRODUCT_BUNDLE_IDENTIFIER = "home.vk-KukobaAlexander";
				PRODUCT_NAME = "$(TARGET_NAME)";
				SWIFT_EMIT_LOC_STRINGS = YES;
				SWIFT_VERSION = 5.0;
				TARGETED_DEVICE_FAMILY = "1,2";
			};
			name = Debug;
		};
		8116C506285A788500ECB796 /* Release */ = {
			isa = XCBuildConfiguration;
			buildSettings = {
				ASSETCATALOG_COMPILER_APPICON_NAME = AppIcon;
				ASSETCATALOG_COMPILER_GLOBAL_ACCENT_COLOR_NAME = AccentColor;
				CODE_SIGN_STYLE = Automatic;
				CURRENT_PROJECT_VERSION = 1;
				GENERATE_INFOPLIST_FILE = YES;
				INFOPLIST_FILE = vk_KukobaAlexander/Info.plist;
				INFOPLIST_KEY_UIApplicationSupportsIndirectInputEvents = YES;
				INFOPLIST_KEY_UILaunchStoryboardName = LaunchScreen;
				INFOPLIST_KEY_UIMainStoryboardFile = Main;
				INFOPLIST_KEY_UISupportedInterfaceOrientations_iPad = "UIInterfaceOrientationPortrait UIInterfaceOrientationPortraitUpsideDown UIInterfaceOrientationLandscapeLeft UIInterfaceOrientationLandscapeRight";
				INFOPLIST_KEY_UISupportedInterfaceOrientations_iPhone = "UIInterfaceOrientationPortrait UIInterfaceOrientationLandscapeLeft UIInterfaceOrientationLandscapeRight";
				LD_RUNPATH_SEARCH_PATHS = (
					"$(inherited)",
					"@executable_path/Frameworks",
				);
				MARKETING_VERSION = 1.0;
				PRODUCT_BUNDLE_IDENTIFIER = "home.vk-KukobaAlexander";
				PRODUCT_NAME = "$(TARGET_NAME)";
				SWIFT_EMIT_LOC_STRINGS = YES;
				SWIFT_VERSION = 5.0;
				TARGETED_DEVICE_FAMILY = "1,2";
			};
			name = Release;
		};
/* End XCBuildConfiguration section */

/* Begin XCConfigurationList section */
		8116C4EB285A788300ECB796 /* Build configuration list for PBXProject "vk_KukobaAlexander" */ = {
			isa = XCConfigurationList;
			buildConfigurations = (
				8116C502285A788500ECB796 /* Debug */,
				8116C503285A788500ECB796 /* Release */,
			);
			defaultConfigurationIsVisible = 0;
			defaultConfigurationName = Release;
		};
		8116C504285A788500ECB796 /* Build configuration list for PBXNativeTarget "vk_KukobaAlexander" */ = {
			isa = XCConfigurationList;
			buildConfigurations = (
				8116C505285A788500ECB796 /* Debug */,
				8116C506285A788500ECB796 /* Release */,
			);
			defaultConfigurationIsVisible = 0;
			defaultConfigurationName = Release;
		};
/* End XCConfigurationList section */
	};
	rootObject = 8116C4E8285A788300ECB796 /* Project object */;
}
