PODS:
  - Alamofire (5.6.4)
  - PromiseKit (6.18.1):
    - PromiseKit/CorePromise (= 6.18.1)
    - PromiseKit/Foundation (= 6.18.1)
    - PromiseKit/UIKit (= 6.18.1)
  - PromiseKit/CorePromise (6.18.1)
  - PromiseKit/Foundation (6.18.1):
    - PromiseKit/CorePromise
  - PromiseKit/UIKit (6.18.1):
    - PromiseKit/CorePromise
  - ReadMoreTextView (3.0.1)
  - Realm (10.38.0):
    - Realm/Headers (= 10.38.0)
  - Realm/Headers (10.38.0)
  - RealmSwift (10.38.0):
    - Realm (= 10.38.0)
  - SDWebImage (5.15.5):
    - SDWebImage/Core (= 5.15.5)
  - SDWebImage/Core (5.15.5)
  - SwiftyJSON (5.0.1)

DEPENDENCIES:
  - Alamofire
  - PromiseKit
  - ReadMoreTextView
  - RealmSwift
  - SDWebImage
  - SwiftyJSON

SPEC REPOS:
  trunk:
    - Alamofire
    - PromiseKit
    - ReadMoreTextView
    - Realm
    - RealmSwift
    - SDWebImage
    - SwiftyJSON

SPEC CHECKSUMS:
  Alamofire: 4e95d97098eacb88856099c4fc79b526a299e48c
  PromiseKit: 49d70c53d5d20e346beaea4b276b5dd2ab446bb4
  ReadMoreTextView: 19147adf93abce6d7271e14031a00303fe28720d
  Realm: 5902885dd1d5e71b0b020830caab937ecdf5bf07
  RealmSwift: 0fc037d6c32c7c4fc9362892380f380114ecdcf0
  SDWebImage: fd7e1a22f00303e058058278639bf6196ee431fe
  SwiftyJSON: 2f33a42c6fbc52764d96f13368585094bfd8aa5e

PODFILE CHECKSUM: 680780e60b37000853519a49150df6610c9928ae

COCOAPODS: 1.11.3
