// !$*UTF8*$!
{
	archiveVersion = 1;
	classes = {
	};
	objectVersion = 55;
	objects = {

/* Begin PBXBuildFile section */
		816B15CB28FC621F008EE539 /* AppDelegate.swift in Sources */ = {isa = PBXBuildFile; fileRef = 816B15CA28FC621F008EE539 /* AppDelegate.swift */; };
		816B15CD28FC621F008EE539 /* SceneDelegate.swift in Sources */ = {isa = PBXBuildFile; fileRef = 816B15CC28FC621F008EE539 /* SceneDelegate.swift */; };
		816B15CF28FC621F008EE539 /* AuthViewController.swift in Sources */ = {isa = PBXBuildFile; fileRef = 816B15CE28FC621F008EE539 /* AuthViewController.swift */; };
		816B15D228FC621F008EE539 /* Main.storyboard in Resources */ = {isa = PBXBuildFile; fileRef = 816B15D028FC621F008EE539 /* Main.storyboard */; };
		816B15D428FC6220008EE539 /* Assets.xcassets in Resources */ = {isa = PBXBuildFile; fileRef = 816B15D328FC6220008EE539 /* Assets.xcassets */; };
		816B15D728FC6220008EE539 /* LaunchScreen.storyboard in Resources */ = {isa = PBXBuildFile; fileRef = 816B15D528FC6220008EE539 /* LaunchScreen.storyboard */; };
		816B15DF28FC7267008EE539 /* GoogleService-Info.plist in Resources */ = {isa = PBXBuildFile; fileRef = 816B15DE28FC7267008EE539 /* GoogleService-Info.plist */; };
		816B15E228FC7638008EE539 /* FirebaseAuth in Frameworks */ = {isa = PBXBuildFile; productRef = 816B15E128FC7638008EE539 /* FirebaseAuth */; };
		816B15E428FC7638008EE539 /* FirebaseFirestore in Frameworks */ = {isa = PBXBuildFile; productRef = 816B15E328FC7638008EE539 /* FirebaseFirestore */; };
		816B15E628FC7638008EE539 /* FirebaseStorage in Frameworks */ = {isa = PBXBuildFile; productRef = 816B15E528FC7638008EE539 /* FirebaseStorage */; };
		816B15E828FC7707008EE539 /* RegViewController.swift in Sources */ = {isa = PBXBuildFile; fileRef = 816B15E728FC7707008EE539 /* RegViewController.swift */; };
		816B15EF290EBEB0008EE539 /* PostsTableViewController.swift in Sources */ = {isa = PBXBuildFile; fileRef = 816B15EE290EBEB0008EE539 /* PostsTableViewController.swift */; };
		816B15F1290EBEF4008EE539 /* PostTableViewCell.swift in Sources */ = {isa = PBXBuildFile; fileRef = 816B15F0290EBEF4008EE539 /* PostTableViewCell.swift */; };
		816B15F4290EC196008EE539 /* FireBaseService.swift in Sources */ = {isa = PBXBuildFile; fileRef = 816B15F3290EC196008EE539 /* FireBaseService.swift */; };
		816B15F7290EFE91008EE539 /* Posts.swift in Sources */ = {isa = PBXBuildFile; fileRef = 816B15F6290EFE91008EE539 /* Posts.swift */; };
		816B15F9290F0B5D008EE539 /* PostViewController.swift in Sources */ = {isa = PBXBuildFile; fileRef = 816B15F8290F0B5D008EE539 /* PostViewController.swift */; };
/* End PBXBuildFile section */

/* Begin PBXFileReference section */
		816B15C728FC621F008EE539 /* authSwiftKukobaProject.app */ = {isa = PBXFileReference; explicitFileType = wrapper.application; includeInIndex = 0; path = authSwiftKukobaProject.app; sourceTree = BUILT_PRODUCTS_DIR; };
		816B15CA28FC621F008EE539 /* AppDelegate.swift */ = {isa = PBXFileReference; lastKnownFileType = sourcecode.swift; path = AppDelegate.swift; sourceTree = "<group>"; };
		816B15CC28FC621F008EE539 /* SceneDelegate.swift */ = {isa = PBXFileReference; lastKnownFileType = sourcecode.swift; path = SceneDelegate.swift; sourceTree = "<group>"; };
		816B15CE28FC621F008EE539 /* AuthViewController.swift */ = {isa = PBXFileReference; lastKnownFileType = sourcecode.swift; path = AuthViewController.swift; sourceTree = "<group>"; };
		816B15D128FC621F008EE539 /* Base */ = {isa = PBXFileReference; lastKnownFileType = file.storyboard; name = Base; path = Base.lproj/Main.storyboard; sourceTree = "<group>"; };
		816B15D328FC6220008EE539 /* Assets.xcassets */ = {isa = PBXFileReference; lastKnownFileType = folder.assetcatalog; path = Assets.xcassets; sourceTree = "<group>"; };
		816B15D628FC6220008EE539 /* Base */ = {isa = PBXFileReference; lastKnownFileType = file.storyboard; name = Base; path = Base.lproj/LaunchScreen.storyboard; sourceTree = "<group>"; };
		816B15D828FC6220008EE539 /* Info.plist */ = {isa = PBXFileReference; lastKnownFileType = text.plist.xml; path = Info.plist; sourceTree = "<group>"; };
		816B15DE28FC7267008EE539 /* GoogleService-Info.plist */ = {isa = PBXFileReference; fileEncoding = 4; lastKnownFileType = text.plist.xml; path = "GoogleService-Info.plist"; sourceTree = "<group>"; };
		816B15E728FC7707008EE539 /* RegViewController.swift */ = {isa = PBXFileReference; lastKnownFileType = sourcecode.swift; path = RegViewController.swift; sourceTree = "<group>"; };
		816B15EE290EBEB0008EE539 /* PostsTableViewController.swift */ = {isa = PBXFileReference; lastKnownFileType = sourcecode.swift; path = PostsTableViewController.swift; sourceTree = "<group>"; };
		816B15F0290EBEF4008EE539 /* PostTableViewCell.swift */ = {isa = PBXFileReference; lastKnownFileType = sourcecode.swift; path = PostTableViewCell.swift; sourceTree = "<group>"; };
		816B15F3290EC196008EE539 /* FireBaseService.swift */ = {isa = PBXFileReference; lastKnownFileType = sourcecode.swift; path = FireBaseService.swift; sourceTree = "<group>"; };
		816B15F6290EFE91008EE539 /* Posts.swift */ = {isa = PBXFileReference; lastKnownFileType = sourcecode.swift; path = Posts.swift; sourceTree = "<group>"; };
		816B15F8290F0B5D008EE539 /* PostViewController.swift */ = {isa = PBXFileReference; lastKnownFileType = sourcecode.swift; path = PostViewController.swift; sourceTree = "<group>"; };
/* End PBXFileReference section */

/* Begin PBXFrameworksBuildPhase section */
		816B15C428FC621F008EE539 /* Frameworks */ = {
			isa = PBXFrameworksBuildPhase;
			buildActionMask = 2147483647;
			files = (
				816B15E228FC7638008EE539 /* FirebaseAuth in Frameworks */,
				816B15E428FC7638008EE539 /* FirebaseFirestore in Frameworks */,
				816B15E628FC7638008EE539 /* FirebaseStorage in Frameworks */,
			);
			runOnlyForDeploymentPostprocessing = 0;
		};
/* End PBXFrameworksBuildPhase section */

/* Begin PBXGroup section */
		816B15BE28FC621F008EE539 = {
			isa = PBXGroup;
			children = (
				816B15C928FC621F008EE539 /* authSwiftKukobaProject */,
				816B15C828FC621F008EE539 /* Products */,
			);
			sourceTree = "<group>";
		};
		816B15C828FC621F008EE539 /* Products */ = {
			isa = PBXGroup;
			children = (
				816B15C728FC621F008EE539 /* authSwiftKukobaProject.app */,
			);
			name = Products;
			sourceTree = "<group>";
		};
		816B15C928FC621F008EE539 /* authSwiftKukobaProject */ = {
			isa = PBXGroup;
			children = (
				816B15F5290EFE83008EE539 /* Model */,
				816B15F2290EBFC3008EE539 /* Service */,
				816B15EA290EBE11008EE539 /* Reg */,
				816B15E9290EBE01008EE539 /* Auth */,
				816B15EB290EBE18008EE539 /* Posts */,
				816B15D028FC621F008EE539 /* Main.storyboard */,
				816B15CA28FC621F008EE539 /* AppDelegate.swift */,
				816B15CC28FC621F008EE539 /* SceneDelegate.swift */,
				816B15D328FC6220008EE539 /* Assets.xcassets */,
				816B15D528FC6220008EE539 /* LaunchScreen.storyboard */,
				816B15DE28FC7267008EE539 /* GoogleService-Info.plist */,
				816B15D828FC6220008EE539 /* Info.plist */,
			);
			path = authSwiftKukobaProject;
			sourceTree = "<group>";
		};
		816B15E9290EBE01008EE539 /* Auth */ = {
			isa = PBXGroup;
			children = (
				816B15CE28FC621F008EE539 /* AuthViewController.swift */,
			);
			path = Auth;
			sourceTree = "<group>";
		};
		816B15EA290EBE11008EE539 /* Reg */ = {
			isa = PBXGroup;
			children = (
				816B15E728FC7707008EE539 /* RegViewController.swift */,
			);
			path = Reg;
			sourceTree = "<group>";
		};
		816B15EB290EBE18008EE539 /* Posts */ = {
			isa = PBXGroup;
			children = (
				816B15EE290EBEB0008EE539 /* PostsTableViewController.swift */,
				816B15F0290EBEF4008EE539 /* PostTableViewCell.swift */,
				816B15F8290F0B5D008EE539 /* PostViewController.swift */,
			);
			path = Posts;
			sourceTree = "<group>";
		};
		816B15F2290EBFC3008EE539 /* Service */ = {
			isa = PBXGroup;
			children = (
				816B15F3290EC196008EE539 /* FireBaseService.swift */,
			);
			path = Service;
			sourceTree = "<group>";
		};
		816B15F5290EFE83008EE539 /* Model */ = {
			isa = PBXGroup;
			children = (
				816B15F6290EFE91008EE539 /* Posts.swift */,
			);
			path = Model;
			sourceTree = "<group>";
		};
/* End PBXGroup section */

/* Begin PBXNativeTarget section */
		816B15C628FC621F008EE539 /* authSwiftKukobaProject */ = {
			isa = PBXNativeTarget;
			buildConfigurationList = 816B15DB28FC6220008EE539 /* Build configuration list for PBXNativeTarget "authSwiftKukobaProject" */;
			buildPhases = (
				816B15C328FC621F008EE539 /* Sources */,
				816B15C428FC621F008EE539 /* Frameworks */,
				816B15C528FC621F008EE539 /* Resources */,
			);
			buildRules = (
			);
			dependencies = (
			);
			name = authSwiftKukobaProject;
			packageProductDependencies = (
				816B15E128FC7638008EE539 /* FirebaseAuth */,
				816B15E328FC7638008EE539 /* FirebaseFirestore */,
				816B15E528FC7638008EE539 /* FirebaseStorage */,
			);
			productName = authSwiftKukobaProject;
			productReference = 816B15C728FC621F008EE539 /* authSwiftKukobaProject.app */;
			productType = "com.apple.product-type.application";
		};
/* End PBXNativeTarget section */

/* Begin PBXProject section */
		816B15BF28FC621F008EE539 /* Project object */ = {
			isa = PBXProject;
			attributes = {
				BuildIndependentTargetsInParallel = 1;
				LastSwiftUpdateCheck = 1340;
				LastUpgradeCheck = 1340;
				TargetAttributes = {
					816B15C628FC621F008EE539 = {
						CreatedOnToolsVersion = 13.4.1;
					};
				};
			};
			buildConfigurationList = 816B15C228FC621F008EE539 /* Build configuration list for PBXProject "authSwiftKukobaProject" */;
			compatibilityVersion = "Xcode 13.0";
			developmentRegion = en;
			hasScannedForEncodings = 0;
			knownRegions = (
				en,
				Base,
			);
			mainGroup = 816B15BE28FC621F008EE539;
			packageReferences = (
				816B15E028FC7638008EE539 /* XCRemoteSwiftPackageReference "firebase-ios-sdk" */,
			);
			productRefGroup = 816B15C828FC621F008EE539 /* Products */;
			projectDirPath = "";
			projectRoot = "";
			targets = (
				816B15C628FC621F008EE539 /* authSwiftKukobaProject */,
			);
		};
/* End PBXProject section */

/* Begin PBXResourcesBuildPhase section */
		816B15C528FC621F008EE539 /* Resources */ = {
			isa = PBXResourcesBuildPhase;
			buildActionMask = 2147483647;
			files = (
				816B15D728FC6220008EE539 /* LaunchScreen.storyboard in Resources */,
				816B15DF28FC7267008EE539 /* GoogleService-Info.plist in Resources */,
				816B15D428FC6220008EE539 /* Assets.xcassets in Resources */,
				816B15D228FC621F008EE539 /* Main.storyboard in Resources */,
			);
			runOnlyForDeploymentPostprocessing = 0;
		};
/* End PBXResourcesBuildPhase section */

/* Begin PBXSourcesBuildPhase section */
		816B15C328FC621F008EE539 /* Sources */ = {
			isa = PBXSourcesBuildPhase;
			buildActionMask = 2147483647;
			files = (
				816B15F9290F0B5D008EE539 /* PostViewController.swift in Sources */,
				816B15CF28FC621F008EE539 /* AuthViewController.swift in Sources */,
				816B15CB28FC621F008EE539 /* AppDelegate.swift in Sources */,
				816B15F4290EC196008EE539 /* FireBaseService.swift in Sources */,
				816B15CD28FC621F008EE539 /* SceneDelegate.swift in Sources */,
				816B15E828FC7707008EE539 /* RegViewController.swift in Sources */,
				816B15EF290EBEB0008EE539 /* PostsTableViewController.swift in Sources */,
				816B15F1290EBEF4008EE539 /* PostTableViewCell.swift in Sources */,
				816B15F7290EFE91008EE539 /* Posts.swift in Sources */,
			);
			runOnlyForDeploymentPostprocessing = 0;
		};
/* End PBXSourcesBuildPhase section */

/* Begin PBXVariantGroup section */
		816B15D028FC621F008EE539 /* Main.storyboard */ = {
			isa = PBXVariantGroup;
			children = (
				816B15D128FC621F008EE539 /* Base */,
			);
			name = Main.storyboard;
			sourceTree = "<group>";
		};
		816B15D528FC6220008EE539 /* LaunchScreen.storyboard */ = {
			isa = PBXVariantGroup;
			children = (
				816B15D628FC6220008EE539 /* Base */,
			);
			name = LaunchScreen.storyboard;
			sourceTree = "<group>";
		};
/* End PBXVariantGroup section */

/* Begin XCBuildConfiguration section */
		816B15D928FC6220008EE539 /* Debug */ = {
			isa = XCBuildConfiguration;
			buildSettings = {
				ALWAYS_SEARCH_USER_PATHS = NO;
				CLANG_ANALYZER_NONNULL = YES;
				CLANG_ANALYZER_NUMBER_OBJECT_CONVERSION = YES_AGGRESSIVE;
				CLANG_CXX_LANGUAGE_STANDARD = "gnu++17";
				CLANG_ENABLE_MODULES = YES;
				CLANG_ENABLE_OBJC_ARC = YES;
				CLANG_ENABLE_OBJC_WEAK = YES;
				CLANG_WARN_BLOCK_CAPTURE_AUTORELEASING = YES;
				CLANG_WARN_BOOL_CONVERSION = YES;
				CLANG_WARN_COMMA = YES;
				CLANG_WARN_CONSTANT_CONVERSION = YES;
				CLANG_WARN_DEPRECATED_OBJC_IMPLEMENTATIONS = YES;
				CLANG_WARN_DIRECT_OBJC_ISA_USAGE = YES_ERROR;
				CLANG_WARN_DOCUMENTATION_COMMENTS = YES;
				CLANG_WARN_EMPTY_BODY = YES;
				CLANG_WARN_ENUM_CONVERSION = YES;
				CLANG_WARN_INFINITE_RECURSION = YES;
				CLANG_WARN_INT_CONVERSION = YES;
				CLANG_WARN_NON_LITERAL_NULL_CONVERSION = YES;
				CLANG_WARN_OBJC_IMPLICIT_RETAIN_SELF = YES;
				CLANG_WARN_OBJC_LITERAL_CONVERSION = YES;
				CLANG_WARN_OBJC_ROOT_CLASS = YES_ERROR;
				CLANG_WARN_QUOTED_INCLUDE_IN_FRAMEWORK_HEADER = YES;
				CLANG_WARN_RANGE_LOOP_ANALYSIS = YES;
				CLANG_WARN_STRICT_PROTOTYPES = YES;
				CLANG_WARN_SUSPICIOUS_MOVE = YES;
				CLANG_WARN_UNGUARDED_AVAILABILITY = YES_AGGRESSIVE;
				CLANG_WARN_UNREACHABLE_CODE = YES;
				CLANG_WARN__DUPLICATE_METHOD_MATCH = YES;
				COPY_PHASE_STRIP = NO;
				DEBUG_INFORMATION_FORMAT = dwarf;
				ENABLE_STRICT_OBJC_MSGSEND = YES;
				ENABLE_TESTABILITY = YES;
				GCC_C_LANGUAGE_STANDARD = gnu11;
				GCC_DYNAMIC_NO_PIC = NO;
				GCC_NO_COMMON_BLOCKS = YES;
				GCC_OPTIMIZATION_LEVEL = 0;
				GCC_PREPROCESSOR_DEFINITIONS = (
					"DEBUG=1",
					"$(inherited)",
				);
				GCC_WARN_64_TO_32_BIT_CONVERSION = YES;
				GCC_WARN_ABOUT_RETURN_TYPE = YES_ERROR;
				GCC_WARN_UNDECLARED_SELECTOR = YES;
				GCC_WARN_UNINITIALIZED_AUTOS = YES_AGGRESSIVE;
				GCC_WARN_UNUSED_FUNCTION = YES;
				GCC_WARN_UNUSED_VARIABLE = YES;
				IPHONEOS_DEPLOYMENT_TARGET = 15.5;
				MTL_ENABLE_DEBUG_INFO = INCLUDE_SOURCE;
				MTL_FAST_MATH = YES;
				ONLY_ACTIVE_ARCH = YES;
				SDKROOT = iphoneos;
				SWIFT_ACTIVE_COMPILATION_CONDITIONS = DEBUG;
				SWIFT_OPTIMIZATION_LEVEL = "-Onone";
			};
			name = Debug;
		};
		816B15DA28FC6220008EE539 /* Release */ = {
			isa = XCBuildConfiguration;
			buildSettings = {
				ALWAYS_SEARCH_USER_PATHS = NO;
				CLANG_ANALYZER_NONNULL = YES;
				CLANG_ANALYZER_NUMBER_OBJECT_CONVERSION = YES_AGGRESSIVE;
				CLANG_CXX_LANGUAGE_STANDARD = "gnu++17";
				CLANG_ENABLE_MODULES = YES;
				CLANG_ENABLE_OBJC_ARC = YES;
				CLANG_ENABLE_OBJC_WEAK = YES;
				CLANG_WARN_BLOCK_CAPTURE_AUTORELEASING = YES;
				CLANG_WARN_BOOL_CONVERSION = YES;
				CLANG_WARN_COMMA = YES;
				CLANG_WARN_CONSTANT_CONVERSION = YES;
				CLANG_WARN_DEPRECATED_OBJC_IMPLEMENTATIONS = YES;
				CLANG_WARN_DIRECT_OBJC_ISA_USAGE = YES_ERROR;
				CLANG_WARN_DOCUMENTATION_COMMENTS = YES;
				CLANG_WARN_EMPTY_BODY = YES;
				CLANG_WARN_ENUM_CONVERSION = YES;
				CLANG_WARN_INFINITE_RECURSION = YES;
				CLANG_WARN_INT_CONVERSION = YES;
				CLANG_WARN_NON_LITERAL_NULL_CONVERSION = YES;
				CLANG_WARN_OBJC_IMPLICIT_RETAIN_SELF = YES;
				CLANG_WARN_OBJC_LITERAL_CONVERSION = YES;
				CLANG_WARN_OBJC_ROOT_CLASS = YES_ERROR;
				CLANG_WARN_QUOTED_INCLUDE_IN_FRAMEWORK_HEADER = YES;
				CLANG_WARN_RANGE_LOOP_ANALYSIS = YES;
				CLANG_WARN_STRICT_PROTOTYPES = YES;
				CLANG_WARN_SUSPICIOUS_MOVE = YES;
				CLANG_WARN_UNGUARDED_AVAILABILITY = YES_AGGRESSIVE;
				CLANG_WARN_UNREACHABLE_CODE = YES;
				CLANG_WARN__DUPLICATE_METHOD_MATCH = YES;
				COPY_PHASE_STRIP = NO;
				DEBUG_INFORMATION_FORMAT = "dwarf-with-dsym";
				ENABLE_NS_ASSERTIONS = NO;
				ENABLE_STRICT_OBJC_MSGSEND = YES;
				GCC_C_LANGUAGE_STANDARD = gnu11;
				GCC_NO_COMMON_BLOCKS = YES;
				GCC_WARN_64_TO_32_BIT_CONVERSION = YES;
				GCC_WARN_ABOUT_RETURN_TYPE = YES_ERROR;
				GCC_WARN_UNDECLARED_SELECTOR = YES;
				GCC_WARN_UNINITIALIZED_AUTOS = YES_AGGRESSIVE;
				GCC_WARN_UNUSED_FUNCTION = YES;
				GCC_WARN_UNUSED_VARIABLE = YES;
				IPHONEOS_DEPLOYMENT_TARGET = 15.5;
				MTL_ENABLE_DEBUG_INFO = NO;
				MTL_FAST_MATH = YES;
				SDKROOT = iphoneos;
				SWIFT_COMPILATION_MODE = wholemodule;
				SWIFT_OPTIMIZATION_LEVEL = "-O";
				VALIDATE_PRODUCT = YES;
			};
			name = Release;
		};
		816B15DC28FC6220008EE539 /* Debug */ = {
			isa = XCBuildConfiguration;
			buildSettings = {
				ASSETCATALOG_COMPILER_APPICON_NAME = AppIcon;
				ASSETCATALOG_COMPILER_GLOBAL_ACCENT_COLOR_NAME = AccentColor;
				CODE_SIGN_STYLE = Automatic;
				CURRENT_PROJECT_VERSION = 1;
				DEVELOPMENT_TEAM = Y5Q79239V5;
				GENERATE_INFOPLIST_FILE = YES;
				INFOPLIST_FILE = authSwiftKukobaProject/Info.plist;
				INFOPLIST_KEY_CFBundleDisplayName = authSwiftKukobaProject;
				INFOPLIST_KEY_UIApplicationSupportsIndirectInputEvents = YES;
				INFOPLIST_KEY_UILaunchStoryboardName = LaunchScreen;
				INFOPLIST_KEY_UIMainStoryboardFile = Main;
				INFOPLIST_KEY_UISupportedInterfaceOrientations = UIInterfaceOrientationPortrait;
				INFOPLIST_KEY_UISupportedInterfaceOrientations_iPad = "UIInterfaceOrientationPortrait UIInterfaceOrientationPortraitUpsideDown UIInterfaceOrientationLandscapeLeft UIInterfaceOrientationLandscapeRight";
				INFOPLIST_KEY_UISupportedInterfaceOrientations_iPhone = "UIInterfaceOrientationPortrait UIInterfaceOrientationLandscapeLeft UIInterfaceOrientationLandscapeRight";
				LD_RUNPATH_SEARCH_PATHS = (
					"$(inherited)",
					"@executable_path/Frameworks",
				);
				MARKETING_VERSION = 1.0;
				PRODUCT_BUNDLE_IDENTIFIER = home.authSwiftKukobaProject;
				PRODUCT_NAME = "$(TARGET_NAME)";
				SWIFT_EMIT_LOC_STRINGS = YES;
				SWIFT_VERSION = 5.0;
				TARGETED_DEVICE_FAMILY = 1;
			};
			name = Debug;
		};
		816B15DD28FC6220008EE539 /* Release */ = {
			isa = XCBuildConfiguration;
			buildSettings = {
				ASSETCATALOG_COMPILER_APPICON_NAME = AppIcon;
				ASSETCATALOG_COMPILER_GLOBAL_ACCENT_COLOR_NAME = AccentColor;
				CODE_SIGN_STYLE = Automatic;
				CURRENT_PROJECT_VERSION = 1;
				DEVELOPMENT_TEAM = Y5Q79239V5;
				GENERATE_INFOPLIST_FILE = YES;
				INFOPLIST_FILE = authSwiftKukobaProject/Info.plist;
				INFOPLIST_KEY_CFBundleDisplayName = authSwiftKukobaProject;
				INFOPLIST_KEY_UIApplicationSupportsIndirectInputEvents = YES;
				INFOPLIST_KEY_UILaunchStoryboardName = LaunchScreen;
				INFOPLIST_KEY_UIMainStoryboardFile = Main;
				INFOPLIST_KEY_UISupportedInterfaceOrientations = UIInterfaceOrientationPortrait;
				INFOPLIST_KEY_UISupportedInterfaceOrientations_iPad = "UIInterfaceOrientationPortrait UIInterfaceOrientationPortraitUpsideDown UIInterfaceOrientationLandscapeLeft UIInterfaceOrientationLandscapeRight";
				INFOPLIST_KEY_UISupportedInterfaceOrientations_iPhone = "UIInterfaceOrientationPortrait UIInterfaceOrientationLandscapeLeft UIInterfaceOrientationLandscapeRight";
				LD_RUNPATH_SEARCH_PATHS = (
					"$(inherited)",
					"@executable_path/Frameworks",
				);
				MARKETING_VERSION = 1.0;
				PRODUCT_BUNDLE_IDENTIFIER = home.authSwiftKukobaProject;
				PRODUCT_NAME = "$(TARGET_NAME)";
				SWIFT_EMIT_LOC_STRINGS = YES;
				SWIFT_VERSION = 5.0;
				TARGETED_DEVICE_FAMILY = 1;
			};
			name = Release;
		};
/* End XCBuildConfiguration section */

/* Begin XCConfigurationList section */
		816B15C228FC621F008EE539 /* Build configuration list for PBXProject "authSwiftKukobaProject" */ = {
			isa = XCConfigurationList;
			buildConfigurations = (
				816B15D928FC6220008EE539 /* Debug */,
				816B15DA28FC6220008EE539 /* Release */,
			);
			defaultConfigurationIsVisible = 0;
			defaultConfigurationName = Release;
		};
		816B15DB28FC6220008EE539 /* Build configuration list for PBXNativeTarget "authSwiftKukobaProject" */ = {
			isa = XCConfigurationList;
			buildConfigurations = (
				816B15DC28FC6220008EE539 /* Debug */,
				816B15DD28FC6220008EE539 /* Release */,
			);
			defaultConfigurationIsVisible = 0;
			defaultConfigurationName = Release;
		};
/* End XCConfigurationList section */

/* Begin XCRemoteSwiftPackageReference section */
		816B15E028FC7638008EE539 /* XCRemoteSwiftPackageReference "firebase-ios-sdk" */ = {
			isa = XCRemoteSwiftPackageReference;
			repositoryURL = "https://github.com/firebase/firebase-ios-sdk";
			requirement = {
				kind = upToNextMajorVersion;
				minimumVersion = 9.0.0;
			};
		};
/* End XCRemoteSwiftPackageReference section */

/* Begin XCSwiftPackageProductDependency section */
		816B15E128FC7638008EE539 /* FirebaseAuth */ = {
			isa = XCSwiftPackageProductDependency;
			package = 816B15E028FC7638008EE539 /* XCRemoteSwiftPackageReference "firebase-ios-sdk" */;
			productName = FirebaseAuth;
		};
		816B15E328FC7638008EE539 /* FirebaseFirestore */ = {
			isa = XCSwiftPackageProductDependency;
			package = 816B15E028FC7638008EE539 /* XCRemoteSwiftPackageReference "firebase-ios-sdk" */;
			productName = FirebaseFirestore;
		};
		816B15E528FC7638008EE539 /* FirebaseStorage */ = {
			isa = XCSwiftPackageProductDependency;
			package = 816B15E028FC7638008EE539 /* XCRemoteSwiftPackageReference "firebase-ios-sdk" */;
			productName = FirebaseStorage;
		};
/* End XCSwiftPackageProductDependency section */
	};
	rootObject = 816B15BF28FC621F008EE539 /* Project object */;
}
